// !$*UTF8*$!
{
	archiveVersion = 1;
	classes = {
	};
	objectVersion = 56;
	objects = {

/* Begin PBXBuildFile section */
		D4345AD029CD403200575991 /* swift_dependenciesApp.swift in Sources */ = {isa = PBXBuildFile; fileRef = D4345ACF29CD403200575991 /* swift_dependenciesApp.swift */; };
		D4345AD229CD403200575991 /* ContentView.swift in Sources */ = {isa = PBXBuildFile; fileRef = D4345AD129CD403200575991 /* ContentView.swift */; };
		D4345AD429CD403300575991 /* Assets.xcassets in Resources */ = {isa = PBXBuildFile; fileRef = D4345AD329CD403300575991 /* Assets.xcassets */; };
		D4345AD729CD403300575991 /* Preview Assets.xcassets in Resources */ = {isa = PBXBuildFile; fileRef = D4345AD629CD403300575991 /* Preview Assets.xcassets */; };
		D4345AE129CD403300575991 /* swift_dependenciesTests.swift in Sources */ = {isa = PBXBuildFile; fileRef = D4345AE029CD403300575991 /* swift_dependenciesTests.swift */; };
		D4345AEB29CD403300575991 /* swift_dependenciesUITests.swift in Sources */ = {isa = PBXBuildFile; fileRef = D4345AEA29CD403300575991 /* swift_dependenciesUITests.swift */; };
		D4345AED29CD403300575991 /* swift_dependenciesUITestsLaunchTests.swift in Sources */ = {isa = PBXBuildFile; fileRef = D4345AEC29CD403300575991 /* swift_dependenciesUITestsLaunchTests.swift */; };
		D4345AFB29CD425700575991 /* ComposableArchitecture in Frameworks */ = {isa = PBXBuildFile; productRef = D4345AFA29CD425700575991 /* ComposableArchitecture */; };
/* End PBXBuildFile section */

/* Begin PBXContainerItemProxy section */
		D4345ADD29CD403300575991 /* PBXContainerItemProxy */ = {
			isa = PBXContainerItemProxy;
			containerPortal = D4345AC429CD403200575991 /* Project object */;
			proxyType = 1;
			remoteGlobalIDString = D4345ACB29CD403200575991;
			remoteInfo = "swift-dependencies";
		};
		D4345AE729CD403300575991 /* PBXContainerItemProxy */ = {
			isa = PBXContainerItemProxy;
			containerPortal = D4345AC429CD403200575991 /* Project object */;
			proxyType = 1;
			remoteGlobalIDString = D4345ACB29CD403200575991;
			remoteInfo = "swift-dependencies";
		};
/* End PBXContainerItemProxy section */

/* Begin PBXFileReference section */
		D4345ACC29CD403200575991 /* swift-dependencies.app */ = {isa = PBXFileReference; explicitFileType = wrapper.application; includeInIndex = 0; path = "swift-dependencies.app"; sourceTree = BUILT_PRODUCTS_DIR; };
		D4345ACF29CD403200575991 /* swift_dependenciesApp.swift */ = {isa = PBXFileReference; lastKnownFileType = sourcecode.swift; path = swift_dependenciesApp.swift; sourceTree = "<group>"; };
		D4345AD129CD403200575991 /* ContentView.swift */ = {isa = PBXFileReference; lastKnownFileType = sourcecode.swift; path = ContentView.swift; sourceTree = "<group>"; };
		D4345AD329CD403300575991 /* Assets.xcassets */ = {isa = PBXFileReference; lastKnownFileType = folder.assetcatalog; path = Assets.xcassets; sourceTree = "<group>"; };
		D4345AD629CD403300575991 /* Preview Assets.xcassets */ = {isa = PBXFileReference; lastKnownFileType = folder.assetcatalog; path = "Preview Assets.xcassets"; sourceTree = "<group>"; };
		D4345ADC29CD403300575991 /* swift-dependenciesTests.xctest */ = {isa = PBXFileReference; explicitFileType = wrapper.cfbundle; includeInIndex = 0; path = "swift-dependenciesTests.xctest"; sourceTree = BUILT_PRODUCTS_DIR; };
		D4345AE029CD403300575991 /* swift_dependenciesTests.swift */ = {isa = PBXFileReference; lastKnownFileType = sourcecode.swift; path = swift_dependenciesTests.swift; sourceTree = "<group>"; };
		D4345AE629CD403300575991 /* swift-dependenciesUITests.xctest */ = {isa = PBXFileReference; explicitFileType = wrapper.cfbundle; includeInIndex = 0; path = "swift-dependenciesUITests.xctest"; sourceTree = BUILT_PRODUCTS_DIR; };
		D4345AEA29CD403300575991 /* swift_dependenciesUITests.swift */ = {isa = PBXFileReference; lastKnownFileType = sourcecode.swift; path = swift_dependenciesUITests.swift; sourceTree = "<group>"; };
		D4345AEC29CD403300575991 /* swift_dependenciesUITestsLaunchTests.swift */ = {isa = PBXFileReference; lastKnownFileType = sourcecode.swift; path = swift_dependenciesUITestsLaunchTests.swift; sourceTree = "<group>"; };
/* End PBXFileReference section */

/* Begin PBXFrameworksBuildPhase section */
		D4345AC929CD403200575991 /* Frameworks */ = {
			isa = PBXFrameworksBuildPhase;
			buildActionMask = 2147483647;
			files = (
				D4345AFB29CD425700575991 /* ComposableArchitecture in Frameworks */,
			);
			runOnlyForDeploymentPostprocessing = 0;
		};
		D4345AD929CD403300575991 /* Frameworks */ = {
			isa = PBXFrameworksBuildPhase;
			buildActionMask = 2147483647;
			files = (
			);
			runOnlyForDeploymentPostprocessing = 0;
		};
		D4345AE329CD403300575991 /* Frameworks */ = {
			isa = PBXFrameworksBuildPhase;
			buildActionMask = 2147483647;
			files = (
			);
			runOnlyForDeploymentPostprocessing = 0;
		};
/* End PBXFrameworksBuildPhase section */

/* Begin PBXGroup section */
		D4345AC329CD403200575991 = {
			isa = PBXGroup;
			children = (
				D4345ACE29CD403200575991 /* swift-dependencies */,
				D4345ADF29CD403300575991 /* swift-dependenciesTests */,
				D4345AE929CD403300575991 /* swift-dependenciesUITests */,
				D4345ACD29CD403200575991 /* Products */,
			);
			sourceTree = "<group>";
		};
		D4345ACD29CD403200575991 /* Products */ = {
			isa = PBXGroup;
			children = (
				D4345ACC29CD403200575991 /* swift-dependencies.app */,
				D4345ADC29CD403300575991 /* swift-dependenciesTests.xctest */,
				D4345AE629CD403300575991 /* swift-dependenciesUITests.xctest */,
			);
			name = Products;
			sourceTree = "<group>";
		};
		D4345ACE29CD403200575991 /* swift-dependencies */ = {
			isa = PBXGroup;
			children = (
				D4345ACF29CD403200575991 /* swift_dependenciesApp.swift */,
				D4345AD129CD403200575991 /* ContentView.swift */,
				D4345AD329CD403300575991 /* Assets.xcassets */,
				D4345AD529CD403300575991 /* Preview Content */,
			);
			path = "swift-dependencies";
			sourceTree = "<group>";
		};
		D4345AD529CD403300575991 /* Preview Content */ = {
			isa = PBXGroup;
			children = (
				D4345AD629CD403300575991 /* Preview Assets.xcassets */,
			);
			path = "Preview Content";
			sourceTree = "<group>";
		};
		D4345ADF29CD403300575991 /* swift-dependenciesTests */ = {
			isa = PBXGroup;
			children = (
				D4345AE029CD403300575991 /* swift_dependenciesTests.swift */,
			);
			path = "swift-dependenciesTests";
			sourceTree = "<group>";
		};
		D4345AE929CD403300575991 /* swift-dependenciesUITests */ = {
			isa = PBXGroup;
			children = (
				D4345AEA29CD403300575991 /* swift_dependenciesUITests.swift */,
				D4345AEC29CD403300575991 /* swift_dependenciesUITestsLaunchTests.swift */,
			);
			path = "swift-dependenciesUITests";
			sourceTree = "<group>";
		};
/* End PBXGroup section */

/* Begin PBXNativeTarget section */
		D4345ACB29CD403200575991 /* swift-dependencies */ = {
			isa = PBXNativeTarget;
			buildConfigurationList = D4345AF029CD403300575991 /* Build configuration list for PBXNativeTarget "swift-dependencies" */;
			buildPhases = (
				D4345AC829CD403200575991 /* Sources */,
				D4345AC929CD403200575991 /* Frameworks */,
				D4345ACA29CD403200575991 /* Resources */,
			);
			buildRules = (
			);
			dependencies = (
			);
			name = "swift-dependencies";
			packageProductDependencies = (
				D4345AFA29CD425700575991 /* ComposableArchitecture */,
			);
			productName = "swift-dependencies";
			productReference = D4345ACC29CD403200575991 /* swift-dependencies.app */;
			productType = "com.apple.product-type.application";
		};
		D4345ADB29CD403300575991 /* swift-dependenciesTests */ = {
			isa = PBXNativeTarget;
			buildConfigurationList = D4345AF329CD403300575991 /* Build configuration list for PBXNativeTarget "swift-dependenciesTests" */;
			buildPhases = (
				D4345AD829CD403300575991 /* Sources */,
				D4345AD929CD403300575991 /* Frameworks */,
				D4345ADA29CD403300575991 /* Resources */,
			);
			buildRules = (
			);
			dependencies = (
				D4345ADE29CD403300575991 /* PBXTargetDependency */,
			);
			name = "swift-dependenciesTests";
			productName = "swift-dependenciesTests";
			productReference = D4345ADC29CD403300575991 /* swift-dependenciesTests.xctest */;
			productType = "com.apple.product-type.bundle.unit-test";
		};
		D4345AE529CD403300575991 /* swift-dependenciesUITests */ = {
			isa = PBXNativeTarget;
			buildConfigurationList = D4345AF629CD403300575991 /* Build configuration list for PBXNativeTarget "swift-dependenciesUITests" */;
			buildPhases = (
				D4345AE229CD403300575991 /* Sources */,
				D4345AE329CD403300575991 /* Frameworks */,
				D4345AE429CD403300575991 /* Resources */,
			);
			buildRules = (
			);
			dependencies = (
				D4345AE829CD403300575991 /* PBXTargetDependency */,
			);
			name = "swift-dependenciesUITests";
			productName = "swift-dependenciesUITests";
			productReference = D4345AE629CD403300575991 /* swift-dependenciesUITests.xctest */;
			productType = "com.apple.product-type.bundle.ui-testing";
		};
/* End PBXNativeTarget section */

/* Begin PBXProject section */
		D4345AC429CD403200575991 /* Project object */ = {
			isa = PBXProject;
			attributes = {
				BuildIndependentTargetsInParallel = 1;
				LastSwiftUpdateCheck = 1410;
				LastUpgradeCheck = 1410;
				TargetAttributes = {
					D4345ACB29CD403200575991 = {
						CreatedOnToolsVersion = 14.1;
					};
					D4345ADB29CD403300575991 = {
						CreatedOnToolsVersion = 14.1;
						TestTargetID = D4345ACB29CD403200575991;
					};
					D4345AE529CD403300575991 = {
						CreatedOnToolsVersion = 14.1;
						TestTargetID = D4345ACB29CD403200575991;
					};
				};
			};
			buildConfigurationList = D4345AC729CD403200575991 /* Build configuration list for PBXProject "swift-dependencies" */;
			compatibilityVersion = "Xcode 14.0";
			developmentRegion = en;
			hasScannedForEncodings = 0;
			knownRegions = (
				en,
				Base,
			);
			mainGroup = D4345AC329CD403200575991;
			packageReferences = (
				D4345AF929CD425700575991 /* XCRemoteSwiftPackageReference "swift-composable-architecture" */,
			);
			productRefGroup = D4345ACD29CD403200575991 /* Products */;
			projectDirPath = "";
			projectRoot = "";
			targets = (
				D4345ACB29CD403200575991 /* swift-dependencies */,
				D4345ADB29CD403300575991 /* swift-dependenciesTests */,
				D4345AE529CD403300575991 /* swift-dependenciesUITests */,
			);
		};
/* End PBXProject section */

/* Begin PBXResourcesBuildPhase section */
		D4345ACA29CD403200575991 /* Resources */ = {
			isa = PBXResourcesBuildPhase;
			buildActionMask = 2147483647;
			files = (
				D4345AD729CD403300575991 /* Preview Assets.xcassets in Resources */,
				D4345AD429CD403300575991 /* Assets.xcassets in Resources */,
			);
			runOnlyForDeploymentPostprocessing = 0;
		};
		D4345ADA29CD403300575991 /* Resources */ = {
			isa = PBXResourcesBuildPhase;
			buildActionMask = 2147483647;
			files = (
			);
			runOnlyForDeploymentPostprocessing = 0;
		};
		D4345AE429CD403300575991 /* Resources */ = {
			isa = PBXResourcesBuildPhase;
			buildActionMask = 2147483647;
			files = (
			);
			runOnlyForDeploymentPostprocessing = 0;
		};
/* End PBXResourcesBuildPhase section */

/* Begin PBXSourcesBuildPhase section */
		D4345AC829CD403200575991 /* Sources */ = {
			isa = PBXSourcesBuildPhase;
			buildActionMask = 2147483647;
			files = (
				D4345AD229CD403200575991 /* ContentView.swift in Sources */,
				D4345AD029CD403200575991 /* swift_dependenciesApp.swift in Sources */,
			);
			runOnlyForDeploymentPostprocessing = 0;
		};
		D4345AD829CD403300575991 /* Sources */ = {
			isa = PBXSourcesBuildPhase;
			buildActionMask = 2147483647;
			files = (
				D4345AE129CD403300575991 /* swift_dependenciesTests.swift in Sources */,
			);
			runOnlyForDeploymentPostprocessing = 0;
		};
		D4345AE229CD403300575991 /* Sources */ = {
			isa = PBXSourcesBuildPhase;
			buildActionMask = 2147483647;
			files = (
				D4345AEB29CD403300575991 /* swift_dependenciesUITests.swift in Sources */,
				D4345AED29CD403300575991 /* swift_dependenciesUITestsLaunchTests.swift in Sources */,
			);
			runOnlyForDeploymentPostprocessing = 0;
		};
/* End PBXSourcesBuildPhase section */

/* Begin PBXTargetDependency section */
		D4345ADE29CD403300575991 /* PBXTargetDependency */ = {
			isa = PBXTargetDependency;
			target = D4345ACB29CD403200575991 /* swift-dependencies */;
			targetProxy = D4345ADD29CD403300575991 /* PBXContainerItemProxy */;
		};
		D4345AE829CD403300575991 /* PBXTargetDependency */ = {
			isa = PBXTargetDependency;
			target = D4345ACB29CD403200575991 /* swift-dependencies */;
			targetProxy = D4345AE729CD403300575991 /* PBXContainerItemProxy */;
		};
/* End PBXTargetDependency section */

/* Begin XCBuildConfiguration section */
		D4345AEE29CD403300575991 /* Debug */ = {
			isa = XCBuildConfiguration;
			buildSettings = {
				ALWAYS_SEARCH_USER_PATHS = NO;
				CLANG_ANALYZER_NONNULL = YES;
				CLANG_ANALYZER_NUMBER_OBJECT_CONVERSION = YES_AGGRESSIVE;
				CLANG_CXX_LANGUAGE_STANDARD = "gnu++20";
				CLANG_ENABLE_MODULES = YES;
				CLANG_ENABLE_OBJC_ARC = YES;
				CLANG_ENABLE_OBJC_WEAK = YES;
				CLANG_WARN_BLOCK_CAPTURE_AUTORELEASING = YES;
				CLANG_WARN_BOOL_CONVERSION = YES;
				CLANG_WARN_COMMA = YES;
				CLANG_WARN_CONSTANT_CONVERSION = YES;
				CLANG_WARN_DEPRECATED_OBJC_IMPLEMENTATIONS = YES;
				CLANG_WARN_DIRECT_OBJC_ISA_USAGE = YES_ERROR;
				CLANG_WARN_DOCUMENTATION_COMMENTS = YES;
				CLANG_WARN_EMPTY_BODY = YES;
				CLANG_WARN_ENUM_CONVERSION = YES;
				CLANG_WARN_INFINITE_RECURSION = YES;
				CLANG_WARN_INT_CONVERSION = YES;
				CLANG_WARN_NON_LITERAL_NULL_CONVERSION = YES;
				CLANG_WARN_OBJC_IMPLICIT_RETAIN_SELF = YES;
				CLANG_WARN_OBJC_LITERAL_CONVERSION = YES;
				CLANG_WARN_OBJC_ROOT_CLASS = YES_ERROR;
				CLANG_WARN_QUOTED_INCLUDE_IN_FRAMEWORK_HEADER = YES;
				CLANG_WARN_RANGE_LOOP_ANALYSIS = YES;
				CLANG_WARN_STRICT_PROTOTYPES = YES;
				CLANG_WARN_SUSPICIOUS_MOVE = YES;
				CLANG_WARN_UNGUARDED_AVAILABILITY = YES_AGGRESSIVE;
				CLANG_WARN_UNREACHABLE_CODE = YES;
				CLANG_WARN__DUPLICATE_METHOD_MATCH = YES;
				COPY_PHASE_STRIP = NO;
				DEBUG_INFORMATION_FORMAT = dwarf;
				ENABLE_STRICT_OBJC_MSGSEND = YES;
				ENABLE_TESTABILITY = YES;
				GCC_C_LANGUAGE_STANDARD = gnu11;
				GCC_DYNAMIC_NO_PIC = NO;
				GCC_NO_COMMON_BLOCKS = YES;
				GCC_OPTIMIZATION_LEVEL = 0;
				GCC_PREPROCESSOR_DEFINITIONS = (
					"DEBUG=1",
					"$(inherited)",
				);
				GCC_WARN_64_TO_32_BIT_CONVERSION = YES;
				GCC_WARN_ABOUT_RETURN_TYPE = YES_ERROR;
				GCC_WARN_UNDECLARED_SELECTOR = YES;
				GCC_WARN_UNINITIALIZED_AUTOS = YES_AGGRESSIVE;
				GCC_WARN_UNUSED_FUNCTION = YES;
				GCC_WARN_UNUSED_VARIABLE = YES;
				IPHONEOS_DEPLOYMENT_TARGET = 16.1;
				MTL_ENABLE_DEBUG_INFO = INCLUDE_SOURCE;
				MTL_FAST_MATH = YES;
				ONLY_ACTIVE_ARCH = YES;
				SDKROOT = iphoneos;
				SWIFT_ACTIVE_COMPILATION_CONDITIONS = DEBUG;
				SWIFT_OPTIMIZATION_LEVEL = "-Onone";
			};
			name = Debug;
		};
		D4345AEF29CD403300575991 /* Release */ = {
			isa = XCBuildConfiguration;
			buildSettings = {
				ALWAYS_SEARCH_USER_PATHS = NO;
				CLANG_ANALYZER_NONNULL = YES;
				CLANG_ANALYZER_NUMBER_OBJECT_CONVERSION = YES_AGGRESSIVE;
				CLANG_CXX_LANGUAGE_STANDARD = "gnu++20";
				CLANG_ENABLE_MODULES = YES;
				CLANG_ENABLE_OBJC_ARC = YES;
				CLANG_ENABLE_OBJC_WEAK = YES;
				CLANG_WARN_BLOCK_CAPTURE_AUTORELEASING = YES;
				CLANG_WARN_BOOL_CONVERSION = YES;
				CLANG_WARN_COMMA = YES;
				CLANG_WARN_CONSTANT_CONVERSION = YES;
				CLANG_WARN_DEPRECATED_OBJC_IMPLEMENTATIONS = YES;
				CLANG_WARN_DIRECT_OBJC_ISA_USAGE = YES_ERROR;
				CLANG_WARN_DOCUMENTATION_COMMENTS = YES;
				CLANG_WARN_EMPTY_BODY = YES;
				CLANG_WARN_ENUM_CONVERSION = YES;
				CLANG_WARN_INFINITE_RECURSION = YES;
				CLANG_WARN_INT_CONVERSION = YES;
				CLANG_WARN_NON_LITERAL_NULL_CONVERSION = YES;
				CLANG_WARN_OBJC_IMPLICIT_RETAIN_SELF = YES;
				CLANG_WARN_OBJC_LITERAL_CONVERSION = YES;
				CLANG_WARN_OBJC_ROOT_CLASS = YES_ERROR;
				CLANG_WARN_QUOTED_INCLUDE_IN_FRAMEWORK_HEADER = YES;
				CLANG_WARN_RANGE_LOOP_ANALYSIS = YES;
				CLANG_WARN_STRICT_PROTOTYPES = YES;
				CLANG_WARN_SUSPICIOUS_MOVE = YES;
				CLANG_WARN_UNGUARDED_AVAILABILITY = YES_AGGRESSIVE;
				CLANG_WARN_UNREACHABLE_CODE = YES;
				CLANG_WARN__DUPLICATE_METHOD_MATCH = YES;
				COPY_PHASE_STRIP = NO;
				DEBUG_INFORMATION_FORMAT = "dwarf-with-dsym";
				ENABLE_NS_ASSERTIONS = NO;
				ENABLE_STRICT_OBJC_MSGSEND = YES;
				GCC_C_LANGUAGE_STANDARD = gnu11;
				GCC_NO_COMMON_BLOCKS = YES;
				GCC_WARN_64_TO_32_BIT_CONVERSION = YES;
				GCC_WARN_ABOUT_RETURN_TYPE = YES_ERROR;
				GCC_WARN_UNDECLARED_SELECTOR = YES;
				GCC_WARN_UNINITIALIZED_AUTOS = YES_AGGRESSIVE;
				GCC_WARN_UNUSED_FUNCTION = YES;
				GCC_WARN_UNUSED_VARIABLE = YES;
				IPHONEOS_DEPLOYMENT_TARGET = 16.1;
				MTL_ENABLE_DEBUG_INFO = NO;
				MTL_FAST_MATH = YES;
				SDKROOT = iphoneos;
				SWIFT_COMPILATION_MODE = wholemodule;
				SWIFT_OPTIMIZATION_LEVEL = "-O";
				VALIDATE_PRODUCT = YES;
			};
			name = Release;
		};
		D4345AF129CD403300575991 /* Debug */ = {
			isa = XCBuildConfiguration;
			buildSettings = {
				ASSETCATALOG_COMPILER_APPICON_NAME = AppIcon;
				ASSETCATALOG_COMPILER_GLOBAL_ACCENT_COLOR_NAME = AccentColor;
				CODE_SIGN_STYLE = Automatic;
				CURRENT_PROJECT_VERSION = 1;
				DEVELOPMENT_ASSET_PATHS = "\"swift-dependencies/Preview Content\"";
				DEVELOPMENT_TEAM = BR3T8YBB5L;
				ENABLE_PREVIEWS = YES;
				GENERATE_INFOPLIST_FILE = YES;
				INFOPLIST_KEY_UIApplicationSceneManifest_Generation = YES;
				INFOPLIST_KEY_UIApplicationSupportsIndirectInputEvents = YES;
				INFOPLIST_KEY_UILaunchScreen_Generation = YES;
				INFOPLIST_KEY_UISupportedInterfaceOrientations_iPad = "UIInterfaceOrientationPortrait UIInterfaceOrientationPortraitUpsideDown UIInterfaceOrientationLandscapeLeft UIInterfaceOrientationLandscapeRight";
				INFOPLIST_KEY_UISupportedInterfaceOrientations_iPhone = "UIInterfaceOrientationPortrait UIInterfaceOrientationLandscapeLeft UIInterfaceOrientationLandscapeRight";
				LD_RUNPATH_SEARCH_PATHS = (
					"$(inherited)",
					"@executable_path/Frameworks",
				);
				MARKETING_VERSION = 1.0;
				PRODUCT_BUNDLE_IDENTIFIER = "com.gmail.yuukirinnma.swift-dependencies";
				PRODUCT_NAME = "$(TARGET_NAME)";
				SWIFT_EMIT_LOC_STRINGS = YES;
				SWIFT_VERSION = 5.0;
				TARGETED_DEVICE_FAMILY = "1,2";
			};
			name = Debug;
		};
		D4345AF229CD403300575991 /* Release */ = {
			isa = XCBuildConfiguration;
			buildSettings = {
				ASSETCATALOG_COMPILER_APPICON_NAME = AppIcon;
				ASSETCATALOG_COMPILER_GLOBAL_ACCENT_COLOR_NAME = AccentColor;
				CODE_SIGN_STYLE = Automatic;
				CURRENT_PROJECT_VERSION = 1;
				DEVELOPMENT_ASSET_PATHS = "\"swift-dependencies/Preview Content\"";
				DEVELOPMENT_TEAM = BR3T8YBB5L;
				ENABLE_PREVIEWS = YES;
				GENERATE_INFOPLIST_FILE = YES;
				INFOPLIST_KEY_UIApplicationSceneManifest_Generation = YES;
				INFOPLIST_KEY_UIApplicationSupportsIndirectInputEvents = YES;
				INFOPLIST_KEY_UILaunchScreen_Generation = YES;
				INFOPLIST_KEY_UISupportedInterfaceOrientations_iPad = "UIInterfaceOrientationPortrait UIInterfaceOrientationPortraitUpsideDown UIInterfaceOrientationLandscapeLeft UIInterfaceOrientationLandscapeRight";
				INFOPLIST_KEY_UISupportedInterfaceOrientations_iPhone = "UIInterfaceOrientationPortrait UIInterfaceOrientationLandscapeLeft UIInterfaceOrientationLandscapeRight";
				LD_RUNPATH_SEARCH_PATHS = (
					"$(inherited)",
					"@executable_path/Frameworks",
				);
				MARKETING_VERSION = 1.0;
				PRODUCT_BUNDLE_IDENTIFIER = "com.gmail.yuukirinnma.swift-dependencies";
				PRODUCT_NAME = "$(TARGET_NAME)";
				SWIFT_EMIT_LOC_STRINGS = YES;
				SWIFT_VERSION = 5.0;
				TARGETED_DEVICE_FAMILY = "1,2";
			};
			name = Release;
		};
		D4345AF429CD403300575991 /* Debug */ = {
			isa = XCBuildConfiguration;
			buildSettings = {
				ALWAYS_EMBED_SWIFT_STANDARD_LIBRARIES = YES;
				BUNDLE_LOADER = "$(TEST_HOST)";
				CODE_SIGN_STYLE = Automatic;
				CURRENT_PROJECT_VERSION = 1;
				DEVELOPMENT_TEAM = BR3T8YBB5L;
				GENERATE_INFOPLIST_FILE = YES;
				IPHONEOS_DEPLOYMENT_TARGET = 16.1;
				MARKETING_VERSION = 1.0;
				PRODUCT_BUNDLE_IDENTIFIER = "com.gmail.yuukirinnma.swift-dependenciesTests";
				PRODUCT_NAME = "$(TARGET_NAME)";
				SWIFT_EMIT_LOC_STRINGS = NO;
				SWIFT_VERSION = 5.0;
				TARGETED_DEVICE_FAMILY = "1,2";
				TEST_HOST = "$(BUILT_PRODUCTS_DIR)/swift-dependencies.app/$(BUNDLE_EXECUTABLE_FOLDER_PATH)/swift-dependencies";
			};
			name = Debug;
		};
		D4345AF529CD403300575991 /* Release */ = {
			isa = XCBuildConfiguration;
			buildSettings = {
				ALWAYS_EMBED_SWIFT_STANDARD_LIBRARIES = YES;
				BUNDLE_LOADER = "$(TEST_HOST)";
				CODE_SIGN_STYLE = Automatic;
				CURRENT_PROJECT_VERSION = 1;
				DEVELOPMENT_TEAM = BR3T8YBB5L;
				GENERATE_INFOPLIST_FILE = YES;
				IPHONEOS_DEPLOYMENT_TARGET = 16.1;
				MARKETING_VERSION = 1.0;
				PRODUCT_BUNDLE_IDENTIFIER = "com.gmail.yuukirinnma.swift-dependenciesTests";
				PRODUCT_NAME = "$(TARGET_NAME)";
				SWIFT_EMIT_LOC_STRINGS = NO;
				SWIFT_VERSION = 5.0;
				TARGETED_DEVICE_FAMILY = "1,2";
				TEST_HOST = "$(BUILT_PRODUCTS_DIR)/swift-dependencies.app/$(BUNDLE_EXECUTABLE_FOLDER_PATH)/swift-dependencies";
			};
			name = Release;
		};
		D4345AF729CD403300575991 /* Debug */ = {
			isa = XCBuildConfiguration;
			buildSettings = {
				ALWAYS_EMBED_SWIFT_STANDARD_LIBRARIES = YES;
				CODE_SIGN_STYLE = Automatic;
				CURRENT_PROJECT_VERSION = 1;
				DEVELOPMENT_TEAM = BR3T8YBB5L;
				GENERATE_INFOPLIST_FILE = YES;
				MARKETING_VERSION = 1.0;
				PRODUCT_BUNDLE_IDENTIFIER = "com.gmail.yuukirinnma.swift-dependenciesUITests";
				PRODUCT_NAME = "$(TARGET_NAME)";
				SWIFT_EMIT_LOC_STRINGS = NO;
				SWIFT_VERSION = 5.0;
				TARGETED_DEVICE_FAMILY = "1,2";
				TEST_TARGET_NAME = "swift-dependencies";
			};
			name = Debug;
		};
		D4345AF829CD403300575991 /* Release */ = {
			isa = XCBuildConfiguration;
			buildSettings = {
				ALWAYS_EMBED_SWIFT_STANDARD_LIBRARIES = YES;
				CODE_SIGN_STYLE = Automatic;
				CURRENT_PROJECT_VERSION = 1;
				DEVELOPMENT_TEAM = BR3T8YBB5L;
				GENERATE_INFOPLIST_FILE = YES;
				MARKETING_VERSION = 1.0;
				PRODUCT_BUNDLE_IDENTIFIER = "com.gmail.yuukirinnma.swift-dependenciesUITests";
				PRODUCT_NAME = "$(TARGET_NAME)";
				SWIFT_EMIT_LOC_STRINGS = NO;
				SWIFT_VERSION = 5.0;
				TARGETED_DEVICE_FAMILY = "1,2";
				TEST_TARGET_NAME = "swift-dependencies";
			};
			name = Release;
		};
/* End XCBuildConfiguration section */

/* Begin XCConfigurationList section */
		D4345AC729CD403200575991 /* Build configuration list for PBXProject "swift-dependencies" */ = {
			isa = XCConfigurationList;
			buildConfigurations = (
				D4345AEE29CD403300575991 /* Debug */,
				D4345AEF29CD403300575991 /* Release */,
			);
			defaultConfigurationIsVisible = 0;
			defaultConfigurationName = Release;
		};
		D4345AF029CD403300575991 /* Build configuration list for PBXNativeTarget "swift-dependencies" */ = {
			isa = XCConfigurationList;
			buildConfigurations = (
				D4345AF129CD403300575991 /* Debug */,
				D4345AF229CD403300575991 /* Release */,
			);
			defaultConfigurationIsVisible = 0;
			defaultConfigurationName = Release;
		};
		D4345AF329CD403300575991 /* Build configuration list for PBXNativeTarget "swift-dependenciesTests" */ = {
			isa = XCConfigurationList;
			buildConfigurations = (
				D4345AF429CD403300575991 /* Debug */,
				D4345AF529CD403300575991 /* Release */,
			);
			defaultConfigurationIsVisible = 0;
			defaultConfigurationName = Release;
		};
		D4345AF629CD403300575991 /* Build configuration list for PBXNativeTarget "swift-dependenciesUITests" */ = {
			isa = XCConfigurationList;
			buildConfigurations = (
				D4345AF729CD403300575991 /* Debug */,
				D4345AF829CD403300575991 /* Release */,
			);
			defaultConfigurationIsVisible = 0;
			defaultConfigurationName = Release;
		};
/* End XCConfigurationList section */

/* Begin XCRemoteSwiftPackageReference section */
		D4345AF929CD425700575991 /* XCRemoteSwiftPackageReference "swift-composable-architecture" */ = {
			isa = XCRemoteSwiftPackageReference;
			repositoryURL = "https://github.com/pointfreeco/swift-composable-architecture";
			requirement = {
				kind = upToNextMajorVersion;
				minimumVersion = 0.9.0;
			};
		};
/* End XCRemoteSwiftPackageReference section */

/* Begin XCSwiftPackageProductDependency section */
		D4345AFA29CD425700575991 /* ComposableArchitecture */ = {
			isa = XCSwiftPackageProductDependency;
			package = D4345AF929CD425700575991 /* XCRemoteSwiftPackageReference "swift-composable-architecture" */;
			productName = ComposableArchitecture;
		};
/* End XCSwiftPackageProductDependency section */
	};
	rootObject = D4345AC429CD403200575991 /* Project object */;
}
