// !$*UTF8*$!
{
	archiveVersion = 1;
	classes = {
	};
	objectVersion = 56;
	objects = {

/* Begin PBXBuildFile section */
		D4345A8829CC635700575991 /* TCA_counterApp.swift in Sources */ = {isa = PBXBuildFile; fileRef = D4345A8729CC635700575991 /* TCA_counterApp.swift */; };
		D4345A8A29CC635700575991 /* ContentView.swift in Sources */ = {isa = PBXBuildFile; fileRef = D4345A8929CC635700575991 /* ContentView.swift */; };
		D4345A8C29CC635900575991 /* Assets.xcassets in Resources */ = {isa = PBXBuildFile; fileRef = D4345A8B29CC635900575991 /* Assets.xcassets */; };
		D4345A8F29CC635900575991 /* Preview Assets.xcassets in Resources */ = {isa = PBXBuildFile; fileRef = D4345A8E29CC635900575991 /* Preview Assets.xcassets */; };
		D4345A9929CC635900575991 /* TCA_counterTests.swift in Sources */ = {isa = PBXBuildFile; fileRef = D4345A9829CC635900575991 /* TCA_counterTests.swift */; };
		D4345AA329CC635900575991 /* TCA_counterUITests.swift in Sources */ = {isa = PBXBuildFile; fileRef = D4345AA229CC635900575991 /* TCA_counterUITests.swift */; };
		D4345AA529CC635900575991 /* TCA_counterUITestsLaunchTests.swift in Sources */ = {isa = PBXBuildFile; fileRef = D4345AA429CC635900575991 /* TCA_counterUITestsLaunchTests.swift */; };
/* End PBXBuildFile section */

/* Begin PBXContainerItemProxy section */
		D4345A9529CC635900575991 /* PBXContainerItemProxy */ = {
			isa = PBXContainerItemProxy;
			containerPortal = D4345A7C29CC635700575991 /* Project object */;
			proxyType = 1;
			remoteGlobalIDString = D4345A8329CC635700575991;
			remoteInfo = "TCA-counter";
		};
		D4345A9F29CC635900575991 /* PBXContainerItemProxy */ = {
			isa = PBXContainerItemProxy;
			containerPortal = D4345A7C29CC635700575991 /* Project object */;
			proxyType = 1;
			remoteGlobalIDString = D4345A8329CC635700575991;
			remoteInfo = "TCA-counter";
		};
/* End PBXContainerItemProxy section */

/* Begin PBXFileReference section */
		D4345A8429CC635700575991 /* TCA-counter.app */ = {isa = PBXFileReference; explicitFileType = wrapper.application; includeInIndex = 0; path = "TCA-counter.app"; sourceTree = BUILT_PRODUCTS_DIR; };
		D4345A8729CC635700575991 /* TCA_counterApp.swift */ = {isa = PBXFileReference; lastKnownFileType = sourcecode.swift; path = TCA_counterApp.swift; sourceTree = "<group>"; };
		D4345A8929CC635700575991 /* ContentView.swift */ = {isa = PBXFileReference; lastKnownFileType = sourcecode.swift; path = ContentView.swift; sourceTree = "<group>"; };
		D4345A8B29CC635900575991 /* Assets.xcassets */ = {isa = PBXFileReference; lastKnownFileType = folder.assetcatalog; path = Assets.xcassets; sourceTree = "<group>"; };
		D4345A8E29CC635900575991 /* Preview Assets.xcassets */ = {isa = PBXFileReference; lastKnownFileType = folder.assetcatalog; path = "Preview Assets.xcassets"; sourceTree = "<group>"; };
		D4345A9429CC635900575991 /* TCA-counterTests.xctest */ = {isa = PBXFileReference; explicitFileType = wrapper.cfbundle; includeInIndex = 0; path = "TCA-counterTests.xctest"; sourceTree = BUILT_PRODUCTS_DIR; };
		D4345A9829CC635900575991 /* TCA_counterTests.swift */ = {isa = PBXFileReference; lastKnownFileType = sourcecode.swift; path = TCA_counterTests.swift; sourceTree = "<group>"; };
		D4345A9E29CC635900575991 /* TCA-counterUITests.xctest */ = {isa = PBXFileReference; explicitFileType = wrapper.cfbundle; includeInIndex = 0; path = "TCA-counterUITests.xctest"; sourceTree = BUILT_PRODUCTS_DIR; };
		D4345AA229CC635900575991 /* TCA_counterUITests.swift */ = {isa = PBXFileReference; lastKnownFileType = sourcecode.swift; path = TCA_counterUITests.swift; sourceTree = "<group>"; };
		D4345AA429CC635900575991 /* TCA_counterUITestsLaunchTests.swift */ = {isa = PBXFileReference; lastKnownFileType = sourcecode.swift; path = TCA_counterUITestsLaunchTests.swift; sourceTree = "<group>"; };
/* End PBXFileReference section */

/* Begin PBXFrameworksBuildPhase section */
		D4345A8129CC635700575991 /* Frameworks */ = {
			isa = PBXFrameworksBuildPhase;
			buildActionMask = 2147483647;
			files = (
			);
			runOnlyForDeploymentPostprocessing = 0;
		};
		D4345A9129CC635900575991 /* Frameworks */ = {
			isa = PBXFrameworksBuildPhase;
			buildActionMask = 2147483647;
			files = (
			);
			runOnlyForDeploymentPostprocessing = 0;
		};
		D4345A9B29CC635900575991 /* Frameworks */ = {
			isa = PBXFrameworksBuildPhase;
			buildActionMask = 2147483647;
			files = (
			);
			runOnlyForDeploymentPostprocessing = 0;
		};
/* End PBXFrameworksBuildPhase section */

/* Begin PBXGroup section */
		D4345A7B29CC635700575991 = {
			isa = PBXGroup;
			children = (
				D4345A8629CC635700575991 /* TCA-counter */,
				D4345A9729CC635900575991 /* TCA-counterTests */,
				D4345AA129CC635900575991 /* TCA-counterUITests */,
				D4345A8529CC635700575991 /* Products */,
			);
			sourceTree = "<group>";
		};
		D4345A8529CC635700575991 /* Products */ = {
			isa = PBXGroup;
			children = (
				D4345A8429CC635700575991 /* TCA-counter.app */,
				D4345A9429CC635900575991 /* TCA-counterTests.xctest */,
				D4345A9E29CC635900575991 /* TCA-counterUITests.xctest */,
			);
			name = Products;
			sourceTree = "<group>";
		};
		D4345A8629CC635700575991 /* TCA-counter */ = {
			isa = PBXGroup;
			children = (
				D4345A8729CC635700575991 /* TCA_counterApp.swift */,
				D4345A8929CC635700575991 /* ContentView.swift */,
				D4345A8B29CC635900575991 /* Assets.xcassets */,
				D4345A8D29CC635900575991 /* Preview Content */,
			);
			path = "TCA-counter";
			sourceTree = "<group>";
		};
		D4345A8D29CC635900575991 /* Preview Content */ = {
			isa = PBXGroup;
			children = (
				D4345A8E29CC635900575991 /* Preview Assets.xcassets */,
			);
			path = "Preview Content";
			sourceTree = "<group>";
		};
		D4345A9729CC635900575991 /* TCA-counterTests */ = {
			isa = PBXGroup;
			children = (
				D4345A9829CC635900575991 /* TCA_counterTests.swift */,
			);
			path = "TCA-counterTests";
			sourceTree = "<group>";
		};
		D4345AA129CC635900575991 /* TCA-counterUITests */ = {
			isa = PBXGroup;
			children = (
				D4345AA229CC635900575991 /* TCA_counterUITests.swift */,
				D4345AA429CC635900575991 /* TCA_counterUITestsLaunchTests.swift */,
			);
			path = "TCA-counterUITests";
			sourceTree = "<group>";
		};
/* End PBXGroup section */

/* Begin PBXNativeTarget section */
		D4345A8329CC635700575991 /* TCA-counter */ = {
			isa = PBXNativeTarget;
			buildConfigurationList = D4345AA829CC635900575991 /* Build configuration list for PBXNativeTarget "TCA-counter" */;
			buildPhases = (
				D4345A8029CC635700575991 /* Sources */,
				D4345A8129CC635700575991 /* Frameworks */,
				D4345A8229CC635700575991 /* Resources */,
			);
			buildRules = (
			);
			dependencies = (
			);
			name = "TCA-counter";
			productName = "TCA-counter";
			productReference = D4345A8429CC635700575991 /* TCA-counter.app */;
			productType = "com.apple.product-type.application";
		};
		D4345A9329CC635900575991 /* TCA-counterTests */ = {
			isa = PBXNativeTarget;
			buildConfigurationList = D4345AAB29CC635900575991 /* Build configuration list for PBXNativeTarget "TCA-counterTests" */;
			buildPhases = (
				D4345A9029CC635900575991 /* Sources */,
				D4345A9129CC635900575991 /* Frameworks */,
				D4345A9229CC635900575991 /* Resources */,
			);
			buildRules = (
			);
			dependencies = (
				D4345A9629CC635900575991 /* PBXTargetDependency */,
			);
			name = "TCA-counterTests";
			productName = "TCA-counterTests";
			productReference = D4345A9429CC635900575991 /* TCA-counterTests.xctest */;
			productType = "com.apple.product-type.bundle.unit-test";
		};
		D4345A9D29CC635900575991 /* TCA-counterUITests */ = {
			isa = PBXNativeTarget;
			buildConfigurationList = D4345AAE29CC635900575991 /* Build configuration list for PBXNativeTarget "TCA-counterUITests" */;
			buildPhases = (
				D4345A9A29CC635900575991 /* Sources */,
				D4345A9B29CC635900575991 /* Frameworks */,
				D4345A9C29CC635900575991 /* Resources */,
			);
			buildRules = (
			);
			dependencies = (
				D4345AA029CC635900575991 /* PBXTargetDependency */,
			);
			name = "TCA-counterUITests";
			productName = "TCA-counterUITests";
			productReference = D4345A9E29CC635900575991 /* TCA-counterUITests.xctest */;
			productType = "com.apple.product-type.bundle.ui-testing";
		};
/* End PBXNativeTarget section */

/* Begin PBXProject section */
		D4345A7C29CC635700575991 /* Project object */ = {
			isa = PBXProject;
			attributes = {
				BuildIndependentTargetsInParallel = 1;
				LastSwiftUpdateCheck = 1410;
				LastUpgradeCheck = 1410;
				TargetAttributes = {
					D4345A8329CC635700575991 = {
						CreatedOnToolsVersion = 14.1;
					};
					D4345A9329CC635900575991 = {
						CreatedOnToolsVersion = 14.1;
						TestTargetID = D4345A8329CC635700575991;
					};
					D4345A9D29CC635900575991 = {
						CreatedOnToolsVersion = 14.1;
						TestTargetID = D4345A8329CC635700575991;
					};
				};
			};
			buildConfigurationList = D4345A7F29CC635700575991 /* Build configuration list for PBXProject "TCA-counter" */;
			compatibilityVersion = "Xcode 14.0";
			developmentRegion = en;
			hasScannedForEncodings = 0;
			knownRegions = (
				en,
				Base,
			);
			mainGroup = D4345A7B29CC635700575991;
			productRefGroup = D4345A8529CC635700575991 /* Products */;
			projectDirPath = "";
			projectRoot = "";
			targets = (
				D4345A8329CC635700575991 /* TCA-counter */,
				D4345A9329CC635900575991 /* TCA-counterTests */,
				D4345A9D29CC635900575991 /* TCA-counterUITests */,
			);
		};
/* End PBXProject section */

/* Begin PBXResourcesBuildPhase section */
		D4345A8229CC635700575991 /* Resources */ = {
			isa = PBXResourcesBuildPhase;
			buildActionMask = 2147483647;
			files = (
				D4345A8F29CC635900575991 /* Preview Assets.xcassets in Resources */,
				D4345A8C29CC635900575991 /* Assets.xcassets in Resources */,
			);
			runOnlyForDeploymentPostprocessing = 0;
		};
		D4345A9229CC635900575991 /* Resources */ = {
			isa = PBXResourcesBuildPhase;
			buildActionMask = 2147483647;
			files = (
			);
			runOnlyForDeploymentPostprocessing = 0;
		};
		D4345A9C29CC635900575991 /* Resources */ = {
			isa = PBXResourcesBuildPhase;
			buildActionMask = 2147483647;
			files = (
			);
			runOnlyForDeploymentPostprocessing = 0;
		};
/* End PBXResourcesBuildPhase section */

/* Begin PBXSourcesBuildPhase section */
		D4345A8029CC635700575991 /* Sources */ = {
			isa = PBXSourcesBuildPhase;
			buildActionMask = 2147483647;
			files = (
				D4345A8A29CC635700575991 /* ContentView.swift in Sources */,
				D4345A8829CC635700575991 /* TCA_counterApp.swift in Sources */,
			);
			runOnlyForDeploymentPostprocessing = 0;
		};
		D4345A9029CC635900575991 /* Sources */ = {
			isa = PBXSourcesBuildPhase;
			buildActionMask = 2147483647;
			files = (
				D4345A9929CC635900575991 /* TCA_counterTests.swift in Sources */,
			);
			runOnlyForDeploymentPostprocessing = 0;
		};
		D4345A9A29CC635900575991 /* Sources */ = {
			isa = PBXSourcesBuildPhase;
			buildActionMask = 2147483647;
			files = (
				D4345AA529CC635900575991 /* TCA_counterUITestsLaunchTests.swift in Sources */,
				D4345AA329CC635900575991 /* TCA_counterUITests.swift in Sources */,
			);
			runOnlyForDeploymentPostprocessing = 0;
		};
/* End PBXSourcesBuildPhase section */

/* Begin PBXTargetDependency section */
		D4345A9629CC635900575991 /* PBXTargetDependency */ = {
			isa = PBXTargetDependency;
			target = D4345A8329CC635700575991 /* TCA-counter */;
			targetProxy = D4345A9529CC635900575991 /* PBXContainerItemProxy */;
		};
		D4345AA029CC635900575991 /* PBXTargetDependency */ = {
			isa = PBXTargetDependency;
			target = D4345A8329CC635700575991 /* TCA-counter */;
			targetProxy = D4345A9F29CC635900575991 /* PBXContainerItemProxy */;
		};
/* End PBXTargetDependency section */

/* Begin XCBuildConfiguration section */
		D4345AA629CC635900575991 /* Debug */ = {
			isa = XCBuildConfiguration;
			buildSettings = {
				ALWAYS_SEARCH_USER_PATHS = NO;
				CLANG_ANALYZER_NONNULL = YES;
				CLANG_ANALYZER_NUMBER_OBJECT_CONVERSION = YES_AGGRESSIVE;
				CLANG_CXX_LANGUAGE_STANDARD = "gnu++20";
				CLANG_ENABLE_MODULES = YES;
				CLANG_ENABLE_OBJC_ARC = YES;
				CLANG_ENABLE_OBJC_WEAK = YES;
				CLANG_WARN_BLOCK_CAPTURE_AUTORELEASING = YES;
				CLANG_WARN_BOOL_CONVERSION = YES;
				CLANG_WARN_COMMA = YES;
				CLANG_WARN_CONSTANT_CONVERSION = YES;
				CLANG_WARN_DEPRECATED_OBJC_IMPLEMENTATIONS = YES;
				CLANG_WARN_DIRECT_OBJC_ISA_USAGE = YES_ERROR;
				CLANG_WARN_DOCUMENTATION_COMMENTS = YES;
				CLANG_WARN_EMPTY_BODY = YES;
				CLANG_WARN_ENUM_CONVERSION = YES;
				CLANG_WARN_INFINITE_RECURSION = YES;
				CLANG_WARN_INT_CONVERSION = YES;
				CLANG_WARN_NON_LITERAL_NULL_CONVERSION = YES;
				CLANG_WARN_OBJC_IMPLICIT_RETAIN_SELF = YES;
				CLANG_WARN_OBJC_LITERAL_CONVERSION = YES;
				CLANG_WARN_OBJC_ROOT_CLASS = YES_ERROR;
				CLANG_WARN_QUOTED_INCLUDE_IN_FRAMEWORK_HEADER = YES;
				CLANG_WARN_RANGE_LOOP_ANALYSIS = YES;
				CLANG_WARN_STRICT_PROTOTYPES = YES;
				CLANG_WARN_SUSPICIOUS_MOVE = YES;
				CLANG_WARN_UNGUARDED_AVAILABILITY = YES_AGGRESSIVE;
				CLANG_WARN_UNREACHABLE_CODE = YES;
				CLANG_WARN__DUPLICATE_METHOD_MATCH = YES;
				COPY_PHASE_STRIP = NO;
				DEBUG_INFORMATION_FORMAT = dwarf;
				ENABLE_STRICT_OBJC_MSGSEND = YES;
				ENABLE_TESTABILITY = YES;
				GCC_C_LANGUAGE_STANDARD = gnu11;
				GCC_DYNAMIC_NO_PIC = NO;
				GCC_NO_COMMON_BLOCKS = YES;
				GCC_OPTIMIZATION_LEVEL = 0;
				GCC_PREPROCESSOR_DEFINITIONS = (
					"DEBUG=1",
					"$(inherited)",
				);
				GCC_WARN_64_TO_32_BIT_CONVERSION = YES;
				GCC_WARN_ABOUT_RETURN_TYPE = YES_ERROR;
				GCC_WARN_UNDECLARED_SELECTOR = YES;
				GCC_WARN_UNINITIALIZED_AUTOS = YES_AGGRESSIVE;
				GCC_WARN_UNUSED_FUNCTION = YES;
				GCC_WARN_UNUSED_VARIABLE = YES;
				IPHONEOS_DEPLOYMENT_TARGET = 16.1;
				MTL_ENABLE_DEBUG_INFO = INCLUDE_SOURCE;
				MTL_FAST_MATH = YES;
				ONLY_ACTIVE_ARCH = YES;
				SDKROOT = iphoneos;
				SWIFT_ACTIVE_COMPILATION_CONDITIONS = DEBUG;
				SWIFT_OPTIMIZATION_LEVEL = "-Onone";
			};
			name = Debug;
		};
		D4345AA729CC635900575991 /* Release */ = {
			isa = XCBuildConfiguration;
			buildSettings = {
				ALWAYS_SEARCH_USER_PATHS = NO;
				CLANG_ANALYZER_NONNULL = YES;
				CLANG_ANALYZER_NUMBER_OBJECT_CONVERSION = YES_AGGRESSIVE;
				CLANG_CXX_LANGUAGE_STANDARD = "gnu++20";
				CLANG_ENABLE_MODULES = YES;
				CLANG_ENABLE_OBJC_ARC = YES;
				CLANG_ENABLE_OBJC_WEAK = YES;
				CLANG_WARN_BLOCK_CAPTURE_AUTORELEASING = YES;
				CLANG_WARN_BOOL_CONVERSION = YES;
				CLANG_WARN_COMMA = YES;
				CLANG_WARN_CONSTANT_CONVERSION = YES;
				CLANG_WARN_DEPRECATED_OBJC_IMPLEMENTATIONS = YES;
				CLANG_WARN_DIRECT_OBJC_ISA_USAGE = YES_ERROR;
				CLANG_WARN_DOCUMENTATION_COMMENTS = YES;
				CLANG_WARN_EMPTY_BODY = YES;
				CLANG_WARN_ENUM_CONVERSION = YES;
				CLANG_WARN_INFINITE_RECURSION = YES;
				CLANG_WARN_INT_CONVERSION = YES;
				CLANG_WARN_NON_LITERAL_NULL_CONVERSION = YES;
				CLANG_WARN_OBJC_IMPLICIT_RETAIN_SELF = YES;
				CLANG_WARN_OBJC_LITERAL_CONVERSION = YES;
				CLANG_WARN_OBJC_ROOT_CLASS = YES_ERROR;
				CLANG_WARN_QUOTED_INCLUDE_IN_FRAMEWORK_HEADER = YES;
				CLANG_WARN_RANGE_LOOP_ANALYSIS = YES;
				CLANG_WARN_STRICT_PROTOTYPES = YES;
				CLANG_WARN_SUSPICIOUS_MOVE = YES;
				CLANG_WARN_UNGUARDED_AVAILABILITY = YES_AGGRESSIVE;
				CLANG_WARN_UNREACHABLE_CODE = YES;
				CLANG_WARN__DUPLICATE_METHOD_MATCH = YES;
				COPY_PHASE_STRIP = NO;
				DEBUG_INFORMATION_FORMAT = "dwarf-with-dsym";
				ENABLE_NS_ASSERTIONS = NO;
				ENABLE_STRICT_OBJC_MSGSEND = YES;
				GCC_C_LANGUAGE_STANDARD = gnu11;
				GCC_NO_COMMON_BLOCKS = YES;
				GCC_WARN_64_TO_32_BIT_CONVERSION = YES;
				GCC_WARN_ABOUT_RETURN_TYPE = YES_ERROR;
				GCC_WARN_UNDECLARED_SELECTOR = YES;
				GCC_WARN_UNINITIALIZED_AUTOS = YES_AGGRESSIVE;
				GCC_WARN_UNUSED_FUNCTION = YES;
				GCC_WARN_UNUSED_VARIABLE = YES;
				IPHONEOS_DEPLOYMENT_TARGET = 16.1;
				MTL_ENABLE_DEBUG_INFO = NO;
				MTL_FAST_MATH = YES;
				SDKROOT = iphoneos;
				SWIFT_COMPILATION_MODE = wholemodule;
				SWIFT_OPTIMIZATION_LEVEL = "-O";
				VALIDATE_PRODUCT = YES;
			};
			name = Release;
		};
		D4345AA929CC635900575991 /* Debug */ = {
			isa = XCBuildConfiguration;
			buildSettings = {
				ASSETCATALOG_COMPILER_APPICON_NAME = AppIcon;
				ASSETCATALOG_COMPILER_GLOBAL_ACCENT_COLOR_NAME = AccentColor;
				CODE_SIGN_STYLE = Automatic;
				CURRENT_PROJECT_VERSION = 1;
				DEVELOPMENT_ASSET_PATHS = "\"TCA-counter/Preview Content\"";
				DEVELOPMENT_TEAM = BR3T8YBB5L;
				ENABLE_PREVIEWS = YES;
				GENERATE_INFOPLIST_FILE = YES;
				INFOPLIST_KEY_UIApplicationSceneManifest_Generation = YES;
				INFOPLIST_KEY_UIApplicationSupportsIndirectInputEvents = YES;
				INFOPLIST_KEY_UILaunchScreen_Generation = YES;
				INFOPLIST_KEY_UISupportedInterfaceOrientations_iPad = "UIInterfaceOrientationPortrait UIInterfaceOrientationPortraitUpsideDown UIInterfaceOrientationLandscapeLeft UIInterfaceOrientationLandscapeRight";
				INFOPLIST_KEY_UISupportedInterfaceOrientations_iPhone = "UIInterfaceOrientationPortrait UIInterfaceOrientationLandscapeLeft UIInterfaceOrientationLandscapeRight";
				LD_RUNPATH_SEARCH_PATHS = (
					"$(inherited)",
					"@executable_path/Frameworks",
				);
				MARKETING_VERSION = 1.0;
				PRODUCT_BUNDLE_IDENTIFIER = "com.gmail.yuukirinnma.TCA-counter";
				PRODUCT_NAME = "$(TARGET_NAME)";
				SWIFT_EMIT_LOC_STRINGS = YES;
				SWIFT_VERSION = 5.0;
				TARGETED_DEVICE_FAMILY = "1,2";
			};
			name = Debug;
		};
		D4345AAA29CC635900575991 /* Release */ = {
			isa = XCBuildConfiguration;
			buildSettings = {
				ASSETCATALOG_COMPILER_APPICON_NAME = AppIcon;
				ASSETCATALOG_COMPILER_GLOBAL_ACCENT_COLOR_NAME = AccentColor;
				CODE_SIGN_STYLE = Automatic;
				CURRENT_PROJECT_VERSION = 1;
				DEVELOPMENT_ASSET_PATHS = "\"TCA-counter/Preview Content\"";
				DEVELOPMENT_TEAM = BR3T8YBB5L;
				ENABLE_PREVIEWS = YES;
				GENERATE_INFOPLIST_FILE = YES;
				INFOPLIST_KEY_UIApplicationSceneManifest_Generation = YES;
				INFOPLIST_KEY_UIApplicationSupportsIndirectInputEvents = YES;
				INFOPLIST_KEY_UILaunchScreen_Generation = YES;
				INFOPLIST_KEY_UISupportedInterfaceOrientations_iPad = "UIInterfaceOrientationPortrait UIInterfaceOrientationPortraitUpsideDown UIInterfaceOrientationLandscapeLeft UIInterfaceOrientationLandscapeRight";
				INFOPLIST_KEY_UISupportedInterfaceOrientations_iPhone = "UIInterfaceOrientationPortrait UIInterfaceOrientationLandscapeLeft UIInterfaceOrientationLandscapeRight";
				LD_RUNPATH_SEARCH_PATHS = (
					"$(inherited)",
					"@executable_path/Frameworks",
				);
				MARKETING_VERSION = 1.0;
				PRODUCT_BUNDLE_IDENTIFIER = "com.gmail.yuukirinnma.TCA-counter";
				PRODUCT_NAME = "$(TARGET_NAME)";
				SWIFT_EMIT_LOC_STRINGS = YES;
				SWIFT_VERSION = 5.0;
				TARGETED_DEVICE_FAMILY = "1,2";
			};
			name = Release;
		};
		D4345AAC29CC635900575991 /* Debug */ = {
			isa = XCBuildConfiguration;
			buildSettings = {
				ALWAYS_EMBED_SWIFT_STANDARD_LIBRARIES = YES;
				BUNDLE_LOADER = "$(TEST_HOST)";
				CODE_SIGN_STYLE = Automatic;
				CURRENT_PROJECT_VERSION = 1;
				DEVELOPMENT_TEAM = BR3T8YBB5L;
				GENERATE_INFOPLIST_FILE = YES;
				IPHONEOS_DEPLOYMENT_TARGET = 16.1;
				MARKETING_VERSION = 1.0;
				PRODUCT_BUNDLE_IDENTIFIER = "com.gmail.yuukirinnma.TCA-counterTests";
				PRODUCT_NAME = "$(TARGET_NAME)";
				SWIFT_EMIT_LOC_STRINGS = NO;
				SWIFT_VERSION = 5.0;
				TARGETED_DEVICE_FAMILY = "1,2";
				TEST_HOST = "$(BUILT_PRODUCTS_DIR)/TCA-counter.app/$(BUNDLE_EXECUTABLE_FOLDER_PATH)/TCA-counter";
			};
			name = Debug;
		};
		D4345AAD29CC635900575991 /* Release */ = {
			isa = XCBuildConfiguration;
			buildSettings = {
				ALWAYS_EMBED_SWIFT_STANDARD_LIBRARIES = YES;
				BUNDLE_LOADER = "$(TEST_HOST)";
				CODE_SIGN_STYLE = Automatic;
				CURRENT_PROJECT_VERSION = 1;
				DEVELOPMENT_TEAM = BR3T8YBB5L;
				GENERATE_INFOPLIST_FILE = YES;
				IPHONEOS_DEPLOYMENT_TARGET = 16.1;
				MARKETING_VERSION = 1.0;
				PRODUCT_BUNDLE_IDENTIFIER = "com.gmail.yuukirinnma.TCA-counterTests";
				PRODUCT_NAME = "$(TARGET_NAME)";
				SWIFT_EMIT_LOC_STRINGS = NO;
				SWIFT_VERSION = 5.0;
				TARGETED_DEVICE_FAMILY = "1,2";
				TEST_HOST = "$(BUILT_PRODUCTS_DIR)/TCA-counter.app/$(BUNDLE_EXECUTABLE_FOLDER_PATH)/TCA-counter";
			};
			name = Release;
		};
		D4345AAF29CC635900575991 /* Debug */ = {
			isa = XCBuildConfiguration;
			buildSettings = {
				ALWAYS_EMBED_SWIFT_STANDARD_LIBRARIES = YES;
				CODE_SIGN_STYLE = Automatic;
				CURRENT_PROJECT_VERSION = 1;
				DEVELOPMENT_TEAM = BR3T8YBB5L;
				GENERATE_INFOPLIST_FILE = YES;
				MARKETING_VERSION = 1.0;
				PRODUCT_BUNDLE_IDENTIFIER = "com.gmail.yuukirinnma.TCA-counterUITests";
				PRODUCT_NAME = "$(TARGET_NAME)";
				SWIFT_EMIT_LOC_STRINGS = NO;
				SWIFT_VERSION = 5.0;
				TARGETED_DEVICE_FAMILY = "1,2";
				TEST_TARGET_NAME = "TCA-counter";
			};
			name = Debug;
		};
		D4345AB029CC635900575991 /* Release */ = {
			isa = XCBuildConfiguration;
			buildSettings = {
				ALWAYS_EMBED_SWIFT_STANDARD_LIBRARIES = YES;
				CODE_SIGN_STYLE = Automatic;
				CURRENT_PROJECT_VERSION = 1;
				DEVELOPMENT_TEAM = BR3T8YBB5L;
				GENERATE_INFOPLIST_FILE = YES;
				MARKETING_VERSION = 1.0;
				PRODUCT_BUNDLE_IDENTIFIER = "com.gmail.yuukirinnma.TCA-counterUITests";
				PRODUCT_NAME = "$(TARGET_NAME)";
				SWIFT_EMIT_LOC_STRINGS = NO;
				SWIFT_VERSION = 5.0;
				TARGETED_DEVICE_FAMILY = "1,2";
				TEST_TARGET_NAME = "TCA-counter";
			};
			name = Release;
		};
/* End XCBuildConfiguration section */

/* Begin XCConfigurationList section */
		D4345A7F29CC635700575991 /* Build configuration list for PBXProject "TCA-counter" */ = {
			isa = XCConfigurationList;
			buildConfigurations = (
				D4345AA629CC635900575991 /* Debug */,
				D4345AA729CC635900575991 /* Release */,
			);
			defaultConfigurationIsVisible = 0;
			defaultConfigurationName = Release;
		};
		D4345AA829CC635900575991 /* Build configuration list for PBXNativeTarget "TCA-counter" */ = {
			isa = XCConfigurationList;
			buildConfigurations = (
				D4345AA929CC635900575991 /* Debug */,
				D4345AAA29CC635900575991 /* Release */,
			);
			defaultConfigurationIsVisible = 0;
			defaultConfigurationName = Release;
		};
		D4345AAB29CC635900575991 /* Build configuration list for PBXNativeTarget "TCA-counterTests" */ = {
			isa = XCConfigurationList;
			buildConfigurations = (
				D4345AAC29CC635900575991 /* Debug */,
				D4345AAD29CC635900575991 /* Release */,
			);
			defaultConfigurationIsVisible = 0;
			defaultConfigurationName = Release;
		};
		D4345AAE29CC635900575991 /* Build configuration list for PBXNativeTarget "TCA-counterUITests" */ = {
			isa = XCConfigurationList;
			buildConfigurations = (
				D4345AAF29CC635900575991 /* Debug */,
				D4345AB029CC635900575991 /* Release */,
			);
			defaultConfigurationIsVisible = 0;
			defaultConfigurationName = Release;
		};
/* End XCConfigurationList section */
	};
	rootObject = D4345A7C29CC635700575991 /* Project object */;
}
