// !$*UTF8*$!
{
	archiveVersion = 1;
	classes = {
	};
	objectVersion = 56;
	objects = {

/* Begin PBXBuildFile section */
		D4822AA929D3E3C200ECAF34 /* TCA_todosApp.swift in Sources */ = {isa = PBXBuildFile; fileRef = D4822AA829D3E3C200ECAF34 /* TCA_todosApp.swift */; };
		D4822AAB29D3E3C200ECAF34 /* ContentView.swift in Sources */ = {isa = PBXBuildFile; fileRef = D4822AAA29D3E3C200ECAF34 /* ContentView.swift */; };
		D4822AAD29D3E3C300ECAF34 /* Assets.xcassets in Resources */ = {isa = PBXBuildFile; fileRef = D4822AAC29D3E3C300ECAF34 /* Assets.xcassets */; };
		D4822AB029D3E3C300ECAF34 /* Preview Assets.xcassets in Resources */ = {isa = PBXBuildFile; fileRef = D4822AAF29D3E3C300ECAF34 /* Preview Assets.xcassets */; };
		D4822ABA29D3E3C300ECAF34 /* TCA_todosTests.swift in Sources */ = {isa = PBXBuildFile; fileRef = D4822AB929D3E3C300ECAF34 /* TCA_todosTests.swift */; };
		D4822AC429D3E3C300ECAF34 /* TCA_todosUITests.swift in Sources */ = {isa = PBXBuildFile; fileRef = D4822AC329D3E3C300ECAF34 /* TCA_todosUITests.swift */; };
		D4822AC629D3E3C300ECAF34 /* TCA_todosUITestsLaunchTests.swift in Sources */ = {isa = PBXBuildFile; fileRef = D4822AC529D3E3C300ECAF34 /* TCA_todosUITestsLaunchTests.swift */; };
		D4822AD829D3E50200ECAF34 /* Todo.swift in Sources */ = {isa = PBXBuildFile; fileRef = D4822AD729D3E50200ECAF34 /* Todo.swift */; };
		D4C7A2B52A17860C00B91221 /* Dependencies in Frameworks */ = {isa = PBXBuildFile; productRef = D4C7A2B42A17860C00B91221 /* Dependencies */; };
/* End PBXBuildFile section */

/* Begin PBXContainerItemProxy section */
		D4822AB629D3E3C300ECAF34 /* PBXContainerItemProxy */ = {
			isa = PBXContainerItemProxy;
			containerPortal = D4822A9D29D3E3C200ECAF34 /* Project object */;
			proxyType = 1;
			remoteGlobalIDString = D4822AA429D3E3C200ECAF34;
			remoteInfo = "TCA-todos";
		};
		D4822AC029D3E3C300ECAF34 /* PBXContainerItemProxy */ = {
			isa = PBXContainerItemProxy;
			containerPortal = D4822A9D29D3E3C200ECAF34 /* Project object */;
			proxyType = 1;
			remoteGlobalIDString = D4822AA429D3E3C200ECAF34;
			remoteInfo = "TCA-todos";
		};
/* End PBXContainerItemProxy section */

/* Begin PBXFileReference section */
		D4822AA529D3E3C200ECAF34 /* TCA-todos.app */ = {isa = PBXFileReference; explicitFileType = wrapper.application; includeInIndex = 0; path = "TCA-todos.app"; sourceTree = BUILT_PRODUCTS_DIR; };
		D4822AA829D3E3C200ECAF34 /* TCA_todosApp.swift */ = {isa = PBXFileReference; lastKnownFileType = sourcecode.swift; path = TCA_todosApp.swift; sourceTree = "<group>"; };
		D4822AAA29D3E3C200ECAF34 /* ContentView.swift */ = {isa = PBXFileReference; lastKnownFileType = sourcecode.swift; path = ContentView.swift; sourceTree = "<group>"; };
		D4822AAC29D3E3C300ECAF34 /* Assets.xcassets */ = {isa = PBXFileReference; lastKnownFileType = folder.assetcatalog; path = Assets.xcassets; sourceTree = "<group>"; };
		D4822AAF29D3E3C300ECAF34 /* Preview Assets.xcassets */ = {isa = PBXFileReference; lastKnownFileType = folder.assetcatalog; path = "Preview Assets.xcassets"; sourceTree = "<group>"; };
		D4822AB529D3E3C300ECAF34 /* TCA-todosTests.xctest */ = {isa = PBXFileReference; explicitFileType = wrapper.cfbundle; includeInIndex = 0; path = "TCA-todosTests.xctest"; sourceTree = BUILT_PRODUCTS_DIR; };
		D4822AB929D3E3C300ECAF34 /* TCA_todosTests.swift */ = {isa = PBXFileReference; lastKnownFileType = sourcecode.swift; path = TCA_todosTests.swift; sourceTree = "<group>"; };
		D4822ABF29D3E3C300ECAF34 /* TCA-todosUITests.xctest */ = {isa = PBXFileReference; explicitFileType = wrapper.cfbundle; includeInIndex = 0; path = "TCA-todosUITests.xctest"; sourceTree = BUILT_PRODUCTS_DIR; };
		D4822AC329D3E3C300ECAF34 /* TCA_todosUITests.swift */ = {isa = PBXFileReference; lastKnownFileType = sourcecode.swift; path = TCA_todosUITests.swift; sourceTree = "<group>"; };
		D4822AC529D3E3C300ECAF34 /* TCA_todosUITestsLaunchTests.swift */ = {isa = PBXFileReference; lastKnownFileType = sourcecode.swift; path = TCA_todosUITestsLaunchTests.swift; sourceTree = "<group>"; };
		D4822AD729D3E50200ECAF34 /* Todo.swift */ = {isa = PBXFileReference; lastKnownFileType = sourcecode.swift; path = Todo.swift; sourceTree = "<group>"; };
/* End PBXFileReference section */

/* Begin PBXFrameworksBuildPhase section */
		D4822AA229D3E3C200ECAF34 /* Frameworks */ = {
			isa = PBXFrameworksBuildPhase;
			buildActionMask = 2147483647;
			files = (
				D4C7A2B52A17860C00B91221 /* Dependencies in Frameworks */,
			);
			runOnlyForDeploymentPostprocessing = 0;
		};
		D4822AB229D3E3C300ECAF34 /* Frameworks */ = {
			isa = PBXFrameworksBuildPhase;
			buildActionMask = 2147483647;
			files = (
			);
			runOnlyForDeploymentPostprocessing = 0;
		};
		D4822ABC29D3E3C300ECAF34 /* Frameworks */ = {
			isa = PBXFrameworksBuildPhase;
			buildActionMask = 2147483647;
			files = (
			);
			runOnlyForDeploymentPostprocessing = 0;
		};
/* End PBXFrameworksBuildPhase section */

/* Begin PBXGroup section */
		D4822A9C29D3E3C200ECAF34 = {
			isa = PBXGroup;
			children = (
				D4822AA729D3E3C200ECAF34 /* TCA-todos */,
				D4822AB829D3E3C300ECAF34 /* TCA-todosTests */,
				D4822AC229D3E3C300ECAF34 /* TCA-todosUITests */,
				D4822AA629D3E3C200ECAF34 /* Products */,
			);
			sourceTree = "<group>";
		};
		D4822AA629D3E3C200ECAF34 /* Products */ = {
			isa = PBXGroup;
			children = (
				D4822AA529D3E3C200ECAF34 /* TCA-todos.app */,
				D4822AB529D3E3C300ECAF34 /* TCA-todosTests.xctest */,
				D4822ABF29D3E3C300ECAF34 /* TCA-todosUITests.xctest */,
			);
			name = Products;
			sourceTree = "<group>";
		};
		D4822AA729D3E3C200ECAF34 /* TCA-todos */ = {
			isa = PBXGroup;
			children = (
				D4822AA829D3E3C200ECAF34 /* TCA_todosApp.swift */,
				D4822AAA29D3E3C200ECAF34 /* ContentView.swift */,
				D4822AD729D3E50200ECAF34 /* Todo.swift */,
				D4822AAC29D3E3C300ECAF34 /* Assets.xcassets */,
				D4822AAE29D3E3C300ECAF34 /* Preview Content */,
			);
			path = "TCA-todos";
			sourceTree = "<group>";
		};
		D4822AAE29D3E3C300ECAF34 /* Preview Content */ = {
			isa = PBXGroup;
			children = (
				D4822AAF29D3E3C300ECAF34 /* Preview Assets.xcassets */,
			);
			path = "Preview Content";
			sourceTree = "<group>";
		};
		D4822AB829D3E3C300ECAF34 /* TCA-todosTests */ = {
			isa = PBXGroup;
			children = (
				D4822AB929D3E3C300ECAF34 /* TCA_todosTests.swift */,
			);
			path = "TCA-todosTests";
			sourceTree = "<group>";
		};
		D4822AC229D3E3C300ECAF34 /* TCA-todosUITests */ = {
			isa = PBXGroup;
			children = (
				D4822AC329D3E3C300ECAF34 /* TCA_todosUITests.swift */,
				D4822AC529D3E3C300ECAF34 /* TCA_todosUITestsLaunchTests.swift */,
			);
			path = "TCA-todosUITests";
			sourceTree = "<group>";
		};
/* End PBXGroup section */

/* Begin PBXNativeTarget section */
		D4822AA429D3E3C200ECAF34 /* TCA-todos */ = {
			isa = PBXNativeTarget;
			buildConfigurationList = D4822AC929D3E3C300ECAF34 /* Build configuration list for PBXNativeTarget "TCA-todos" */;
			buildPhases = (
				D4822AA129D3E3C200ECAF34 /* Sources */,
				D4822AA229D3E3C200ECAF34 /* Frameworks */,
				D4822AA329D3E3C200ECAF34 /* Resources */,
			);
			buildRules = (
			);
			dependencies = (
			);
			name = "TCA-todos";
			packageProductDependencies = (
				D4C7A2B42A17860C00B91221 /* Dependencies */,
			);
			productName = "TCA-todos";
			productReference = D4822AA529D3E3C200ECAF34 /* TCA-todos.app */;
			productType = "com.apple.product-type.application";
		};
		D4822AB429D3E3C300ECAF34 /* TCA-todosTests */ = {
			isa = PBXNativeTarget;
			buildConfigurationList = D4822ACC29D3E3C300ECAF34 /* Build configuration list for PBXNativeTarget "TCA-todosTests" */;
			buildPhases = (
				D4822AB129D3E3C300ECAF34 /* Sources */,
				D4822AB229D3E3C300ECAF34 /* Frameworks */,
				D4822AB329D3E3C300ECAF34 /* Resources */,
			);
			buildRules = (
			);
			dependencies = (
				D4822AB729D3E3C300ECAF34 /* PBXTargetDependency */,
			);
			name = "TCA-todosTests";
			productName = "TCA-todosTests";
			productReference = D4822AB529D3E3C300ECAF34 /* TCA-todosTests.xctest */;
			productType = "com.apple.product-type.bundle.unit-test";
		};
		D4822ABE29D3E3C300ECAF34 /* TCA-todosUITests */ = {
			isa = PBXNativeTarget;
			buildConfigurationList = D4822ACF29D3E3C300ECAF34 /* Build configuration list for PBXNativeTarget "TCA-todosUITests" */;
			buildPhases = (
				D4822ABB29D3E3C300ECAF34 /* Sources */,
				D4822ABC29D3E3C300ECAF34 /* Frameworks */,
				D4822ABD29D3E3C300ECAF34 /* Resources */,
			);
			buildRules = (
			);
			dependencies = (
				D4822AC129D3E3C300ECAF34 /* PBXTargetDependency */,
			);
			name = "TCA-todosUITests";
			productName = "TCA-todosUITests";
			productReference = D4822ABF29D3E3C300ECAF34 /* TCA-todosUITests.xctest */;
			productType = "com.apple.product-type.bundle.ui-testing";
		};
/* End PBXNativeTarget section */

/* Begin PBXProject section */
		D4822A9D29D3E3C200ECAF34 /* Project object */ = {
			isa = PBXProject;
			attributes = {
				BuildIndependentTargetsInParallel = 1;
				LastSwiftUpdateCheck = 1420;
				LastUpgradeCheck = 1420;
				TargetAttributes = {
					D4822AA429D3E3C200ECAF34 = {
						CreatedOnToolsVersion = 14.2;
					};
					D4822AB429D3E3C300ECAF34 = {
						CreatedOnToolsVersion = 14.2;
						TestTargetID = D4822AA429D3E3C200ECAF34;
					};
					D4822ABE29D3E3C300ECAF34 = {
						CreatedOnToolsVersion = 14.2;
						TestTargetID = D4822AA429D3E3C200ECAF34;
					};
				};
			};
			buildConfigurationList = D4822AA029D3E3C200ECAF34 /* Build configuration list for PBXProject "TCA-todos" */;
			compatibilityVersion = "Xcode 14.0";
			developmentRegion = en;
			hasScannedForEncodings = 0;
			knownRegions = (
				en,
				Base,
			);
			mainGroup = D4822A9C29D3E3C200ECAF34;
			packageReferences = (
				D4C7A2B32A17860C00B91221 /* XCRemoteSwiftPackageReference "swift-dependencies" */,
			);
			productRefGroup = D4822AA629D3E3C200ECAF34 /* Products */;
			projectDirPath = "";
			projectRoot = "";
			targets = (
				D4822AA429D3E3C200ECAF34 /* TCA-todos */,
				D4822AB429D3E3C300ECAF34 /* TCA-todosTests */,
				D4822ABE29D3E3C300ECAF34 /* TCA-todosUITests */,
			);
		};
/* End PBXProject section */

/* Begin PBXResourcesBuildPhase section */
		D4822AA329D3E3C200ECAF34 /* Resources */ = {
			isa = PBXResourcesBuildPhase;
			buildActionMask = 2147483647;
			files = (
				D4822AB029D3E3C300ECAF34 /* Preview Assets.xcassets in Resources */,
				D4822AAD29D3E3C300ECAF34 /* Assets.xcassets in Resources */,
			);
			runOnlyForDeploymentPostprocessing = 0;
		};
		D4822AB329D3E3C300ECAF34 /* Resources */ = {
			isa = PBXResourcesBuildPhase;
			buildActionMask = 2147483647;
			files = (
			);
			runOnlyForDeploymentPostprocessing = 0;
		};
		D4822ABD29D3E3C300ECAF34 /* Resources */ = {
			isa = PBXResourcesBuildPhase;
			buildActionMask = 2147483647;
			files = (
			);
			runOnlyForDeploymentPostprocessing = 0;
		};
/* End PBXResourcesBuildPhase section */

/* Begin PBXSourcesBuildPhase section */
		D4822AA129D3E3C200ECAF34 /* Sources */ = {
			isa = PBXSourcesBuildPhase;
			buildActionMask = 2147483647;
			files = (
				D4822AAB29D3E3C200ECAF34 /* ContentView.swift in Sources */,
				D4822AD829D3E50200ECAF34 /* Todo.swift in Sources */,
				D4822AA929D3E3C200ECAF34 /* TCA_todosApp.swift in Sources */,
			);
			runOnlyForDeploymentPostprocessing = 0;
		};
		D4822AB129D3E3C300ECAF34 /* Sources */ = {
			isa = PBXSourcesBuildPhase;
			buildActionMask = 2147483647;
			files = (
				D4822ABA29D3E3C300ECAF34 /* TCA_todosTests.swift in Sources */,
			);
			runOnlyForDeploymentPostprocessing = 0;
		};
		D4822ABB29D3E3C300ECAF34 /* Sources */ = {
			isa = PBXSourcesBuildPhase;
			buildActionMask = 2147483647;
			files = (
				D4822AC429D3E3C300ECAF34 /* TCA_todosUITests.swift in Sources */,
				D4822AC629D3E3C300ECAF34 /* TCA_todosUITestsLaunchTests.swift in Sources */,
			);
			runOnlyForDeploymentPostprocessing = 0;
		};
/* End PBXSourcesBuildPhase section */

/* Begin PBXTargetDependency section */
		D4822AB729D3E3C300ECAF34 /* PBXTargetDependency */ = {
			isa = PBXTargetDependency;
			target = D4822AA429D3E3C200ECAF34 /* TCA-todos */;
			targetProxy = D4822AB629D3E3C300ECAF34 /* PBXContainerItemProxy */;
		};
		D4822AC129D3E3C300ECAF34 /* PBXTargetDependency */ = {
			isa = PBXTargetDependency;
			target = D4822AA429D3E3C200ECAF34 /* TCA-todos */;
			targetProxy = D4822AC029D3E3C300ECAF34 /* PBXContainerItemProxy */;
		};
/* End PBXTargetDependency section */

/* Begin XCBuildConfiguration section */
		D4822AC729D3E3C300ECAF34 /* Debug */ = {
			isa = XCBuildConfiguration;
			buildSettings = {
				ALWAYS_SEARCH_USER_PATHS = NO;
				CLANG_ANALYZER_NONNULL = YES;
				CLANG_ANALYZER_NUMBER_OBJECT_CONVERSION = YES_AGGRESSIVE;
				CLANG_CXX_LANGUAGE_STANDARD = "gnu++20";
				CLANG_ENABLE_MODULES = YES;
				CLANG_ENABLE_OBJC_ARC = YES;
				CLANG_ENABLE_OBJC_WEAK = YES;
				CLANG_WARN_BLOCK_CAPTURE_AUTORELEASING = YES;
				CLANG_WARN_BOOL_CONVERSION = YES;
				CLANG_WARN_COMMA = YES;
				CLANG_WARN_CONSTANT_CONVERSION = YES;
				CLANG_WARN_DEPRECATED_OBJC_IMPLEMENTATIONS = YES;
				CLANG_WARN_DIRECT_OBJC_ISA_USAGE = YES_ERROR;
				CLANG_WARN_DOCUMENTATION_COMMENTS = YES;
				CLANG_WARN_EMPTY_BODY = YES;
				CLANG_WARN_ENUM_CONVERSION = YES;
				CLANG_WARN_INFINITE_RECURSION = YES;
				CLANG_WARN_INT_CONVERSION = YES;
				CLANG_WARN_NON_LITERAL_NULL_CONVERSION = YES;
				CLANG_WARN_OBJC_IMPLICIT_RETAIN_SELF = YES;
				CLANG_WARN_OBJC_LITERAL_CONVERSION = YES;
				CLANG_WARN_OBJC_ROOT_CLASS = YES_ERROR;
				CLANG_WARN_QUOTED_INCLUDE_IN_FRAMEWORK_HEADER = YES;
				CLANG_WARN_RANGE_LOOP_ANALYSIS = YES;
				CLANG_WARN_STRICT_PROTOTYPES = YES;
				CLANG_WARN_SUSPICIOUS_MOVE = YES;
				CLANG_WARN_UNGUARDED_AVAILABILITY = YES_AGGRESSIVE;
				CLANG_WARN_UNREACHABLE_CODE = YES;
				CLANG_WARN__DUPLICATE_METHOD_MATCH = YES;
				COPY_PHASE_STRIP = NO;
				DEBUG_INFORMATION_FORMAT = dwarf;
				ENABLE_STRICT_OBJC_MSGSEND = YES;
				ENABLE_TESTABILITY = YES;
				GCC_C_LANGUAGE_STANDARD = gnu11;
				GCC_DYNAMIC_NO_PIC = NO;
				GCC_NO_COMMON_BLOCKS = YES;
				GCC_OPTIMIZATION_LEVEL = 0;
				GCC_PREPROCESSOR_DEFINITIONS = (
					"DEBUG=1",
					"$(inherited)",
				);
				GCC_WARN_64_TO_32_BIT_CONVERSION = YES;
				GCC_WARN_ABOUT_RETURN_TYPE = YES_ERROR;
				GCC_WARN_UNDECLARED_SELECTOR = YES;
				GCC_WARN_UNINITIALIZED_AUTOS = YES_AGGRESSIVE;
				GCC_WARN_UNUSED_FUNCTION = YES;
				GCC_WARN_UNUSED_VARIABLE = YES;
				IPHONEOS_DEPLOYMENT_TARGET = 16.2;
				MTL_ENABLE_DEBUG_INFO = INCLUDE_SOURCE;
				MTL_FAST_MATH = YES;
				ONLY_ACTIVE_ARCH = YES;
				SDKROOT = iphoneos;
				SWIFT_ACTIVE_COMPILATION_CONDITIONS = DEBUG;
				SWIFT_OPTIMIZATION_LEVEL = "-Onone";
			};
			name = Debug;
		};
		D4822AC829D3E3C300ECAF34 /* Release */ = {
			isa = XCBuildConfiguration;
			buildSettings = {
				ALWAYS_SEARCH_USER_PATHS = NO;
				CLANG_ANALYZER_NONNULL = YES;
				CLANG_ANALYZER_NUMBER_OBJECT_CONVERSION = YES_AGGRESSIVE;
				CLANG_CXX_LANGUAGE_STANDARD = "gnu++20";
				CLANG_ENABLE_MODULES = YES;
				CLANG_ENABLE_OBJC_ARC = YES;
				CLANG_ENABLE_OBJC_WEAK = YES;
				CLANG_WARN_BLOCK_CAPTURE_AUTORELEASING = YES;
				CLANG_WARN_BOOL_CONVERSION = YES;
				CLANG_WARN_COMMA = YES;
				CLANG_WARN_CONSTANT_CONVERSION = YES;
				CLANG_WARN_DEPRECATED_OBJC_IMPLEMENTATIONS = YES;
				CLANG_WARN_DIRECT_OBJC_ISA_USAGE = YES_ERROR;
				CLANG_WARN_DOCUMENTATION_COMMENTS = YES;
				CLANG_WARN_EMPTY_BODY = YES;
				CLANG_WARN_ENUM_CONVERSION = YES;
				CLANG_WARN_INFINITE_RECURSION = YES;
				CLANG_WARN_INT_CONVERSION = YES;
				CLANG_WARN_NON_LITERAL_NULL_CONVERSION = YES;
				CLANG_WARN_OBJC_IMPLICIT_RETAIN_SELF = YES;
				CLANG_WARN_OBJC_LITERAL_CONVERSION = YES;
				CLANG_WARN_OBJC_ROOT_CLASS = YES_ERROR;
				CLANG_WARN_QUOTED_INCLUDE_IN_FRAMEWORK_HEADER = YES;
				CLANG_WARN_RANGE_LOOP_ANALYSIS = YES;
				CLANG_WARN_STRICT_PROTOTYPES = YES;
				CLANG_WARN_SUSPICIOUS_MOVE = YES;
				CLANG_WARN_UNGUARDED_AVAILABILITY = YES_AGGRESSIVE;
				CLANG_WARN_UNREACHABLE_CODE = YES;
				CLANG_WARN__DUPLICATE_METHOD_MATCH = YES;
				COPY_PHASE_STRIP = NO;
				DEBUG_INFORMATION_FORMAT = "dwarf-with-dsym";
				ENABLE_NS_ASSERTIONS = NO;
				ENABLE_STRICT_OBJC_MSGSEND = YES;
				GCC_C_LANGUAGE_STANDARD = gnu11;
				GCC_NO_COMMON_BLOCKS = YES;
				GCC_WARN_64_TO_32_BIT_CONVERSION = YES;
				GCC_WARN_ABOUT_RETURN_TYPE = YES_ERROR;
				GCC_WARN_UNDECLARED_SELECTOR = YES;
				GCC_WARN_UNINITIALIZED_AUTOS = YES_AGGRESSIVE;
				GCC_WARN_UNUSED_FUNCTION = YES;
				GCC_WARN_UNUSED_VARIABLE = YES;
				IPHONEOS_DEPLOYMENT_TARGET = 16.2;
				MTL_ENABLE_DEBUG_INFO = NO;
				MTL_FAST_MATH = YES;
				SDKROOT = iphoneos;
				SWIFT_COMPILATION_MODE = wholemodule;
				SWIFT_OPTIMIZATION_LEVEL = "-O";
				VALIDATE_PRODUCT = YES;
			};
			name = Release;
		};
		D4822ACA29D3E3C300ECAF34 /* Debug */ = {
			isa = XCBuildConfiguration;
			buildSettings = {
				ASSETCATALOG_COMPILER_APPICON_NAME = AppIcon;
				ASSETCATALOG_COMPILER_GLOBAL_ACCENT_COLOR_NAME = AccentColor;
				CODE_SIGN_STYLE = Automatic;
				CURRENT_PROJECT_VERSION = 1;
				DEVELOPMENT_ASSET_PATHS = "\"TCA-todos/Preview Content\"";
				DEVELOPMENT_TEAM = BR3T8YBB5L;
				ENABLE_PREVIEWS = YES;
				GENERATE_INFOPLIST_FILE = YES;
				INFOPLIST_KEY_UIApplicationSceneManifest_Generation = YES;
				INFOPLIST_KEY_UIApplicationSupportsIndirectInputEvents = YES;
				INFOPLIST_KEY_UILaunchScreen_Generation = YES;
				INFOPLIST_KEY_UISupportedInterfaceOrientations_iPad = "UIInterfaceOrientationPortrait UIInterfaceOrientationPortraitUpsideDown UIInterfaceOrientationLandscapeLeft UIInterfaceOrientationLandscapeRight";
				INFOPLIST_KEY_UISupportedInterfaceOrientations_iPhone = "UIInterfaceOrientationPortrait UIInterfaceOrientationLandscapeLeft UIInterfaceOrientationLandscapeRight";
				LD_RUNPATH_SEARCH_PATHS = (
					"$(inherited)",
					"@executable_path/Frameworks",
				);
				MARKETING_VERSION = 1.0;
				PRODUCT_BUNDLE_IDENTIFIER = "com.gmail.yuukirinnma.TCA-todos";
				PRODUCT_NAME = "$(TARGET_NAME)";
				SWIFT_EMIT_LOC_STRINGS = YES;
				SWIFT_VERSION = 5.0;
				TARGETED_DEVICE_FAMILY = "1,2";
			};
			name = Debug;
		};
		D4822ACB29D3E3C300ECAF34 /* Release */ = {
			isa = XCBuildConfiguration;
			buildSettings = {
				ASSETCATALOG_COMPILER_APPICON_NAME = AppIcon;
				ASSETCATALOG_COMPILER_GLOBAL_ACCENT_COLOR_NAME = AccentColor;
				CODE_SIGN_STYLE = Automatic;
				CURRENT_PROJECT_VERSION = 1;
				DEVELOPMENT_ASSET_PATHS = "\"TCA-todos/Preview Content\"";
				DEVELOPMENT_TEAM = BR3T8YBB5L;
				ENABLE_PREVIEWS = YES;
				GENERATE_INFOPLIST_FILE = YES;
				INFOPLIST_KEY_UIApplicationSceneManifest_Generation = YES;
				INFOPLIST_KEY_UIApplicationSupportsIndirectInputEvents = YES;
				INFOPLIST_KEY_UILaunchScreen_Generation = YES;
				INFOPLIST_KEY_UISupportedInterfaceOrientations_iPad = "UIInterfaceOrientationPortrait UIInterfaceOrientationPortraitUpsideDown UIInterfaceOrientationLandscapeLeft UIInterfaceOrientationLandscapeRight";
				INFOPLIST_KEY_UISupportedInterfaceOrientations_iPhone = "UIInterfaceOrientationPortrait UIInterfaceOrientationLandscapeLeft UIInterfaceOrientationLandscapeRight";
				LD_RUNPATH_SEARCH_PATHS = (
					"$(inherited)",
					"@executable_path/Frameworks",
				);
				MARKETING_VERSION = 1.0;
				PRODUCT_BUNDLE_IDENTIFIER = "com.gmail.yuukirinnma.TCA-todos";
				PRODUCT_NAME = "$(TARGET_NAME)";
				SWIFT_EMIT_LOC_STRINGS = YES;
				SWIFT_VERSION = 5.0;
				TARGETED_DEVICE_FAMILY = "1,2";
			};
			name = Release;
		};
		D4822ACD29D3E3C300ECAF34 /* Debug */ = {
			isa = XCBuildConfiguration;
			buildSettings = {
				ALWAYS_EMBED_SWIFT_STANDARD_LIBRARIES = YES;
				BUNDLE_LOADER = "$(TEST_HOST)";
				CODE_SIGN_STYLE = Automatic;
				CURRENT_PROJECT_VERSION = 1;
				DEVELOPMENT_TEAM = BR3T8YBB5L;
				GENERATE_INFOPLIST_FILE = YES;
				IPHONEOS_DEPLOYMENT_TARGET = 16.2;
				MARKETING_VERSION = 1.0;
				PRODUCT_BUNDLE_IDENTIFIER = "com.gmail.yuukirinnma.TCA-todosTests";
				PRODUCT_NAME = "$(TARGET_NAME)";
				SWIFT_EMIT_LOC_STRINGS = NO;
				SWIFT_VERSION = 5.0;
				TARGETED_DEVICE_FAMILY = "1,2";
				TEST_HOST = "$(BUILT_PRODUCTS_DIR)/TCA-todos.app/$(BUNDLE_EXECUTABLE_FOLDER_PATH)/TCA-todos";
			};
			name = Debug;
		};
		D4822ACE29D3E3C300ECAF34 /* Release */ = {
			isa = XCBuildConfiguration;
			buildSettings = {
				ALWAYS_EMBED_SWIFT_STANDARD_LIBRARIES = YES;
				BUNDLE_LOADER = "$(TEST_HOST)";
				CODE_SIGN_STYLE = Automatic;
				CURRENT_PROJECT_VERSION = 1;
				DEVELOPMENT_TEAM = BR3T8YBB5L;
				GENERATE_INFOPLIST_FILE = YES;
				IPHONEOS_DEPLOYMENT_TARGET = 16.2;
				MARKETING_VERSION = 1.0;
				PRODUCT_BUNDLE_IDENTIFIER = "com.gmail.yuukirinnma.TCA-todosTests";
				PRODUCT_NAME = "$(TARGET_NAME)";
				SWIFT_EMIT_LOC_STRINGS = NO;
				SWIFT_VERSION = 5.0;
				TARGETED_DEVICE_FAMILY = "1,2";
				TEST_HOST = "$(BUILT_PRODUCTS_DIR)/TCA-todos.app/$(BUNDLE_EXECUTABLE_FOLDER_PATH)/TCA-todos";
			};
			name = Release;
		};
		D4822AD029D3E3C300ECAF34 /* Debug */ = {
			isa = XCBuildConfiguration;
			buildSettings = {
				ALWAYS_EMBED_SWIFT_STANDARD_LIBRARIES = YES;
				CODE_SIGN_STYLE = Automatic;
				CURRENT_PROJECT_VERSION = 1;
				DEVELOPMENT_TEAM = BR3T8YBB5L;
				GENERATE_INFOPLIST_FILE = YES;
				MARKETING_VERSION = 1.0;
				PRODUCT_BUNDLE_IDENTIFIER = "com.gmail.yuukirinnma.TCA-todosUITests";
				PRODUCT_NAME = "$(TARGET_NAME)";
				SWIFT_EMIT_LOC_STRINGS = NO;
				SWIFT_VERSION = 5.0;
				TARGETED_DEVICE_FAMILY = "1,2";
				TEST_TARGET_NAME = "TCA-todos";
			};
			name = Debug;
		};
		D4822AD129D3E3C300ECAF34 /* Release */ = {
			isa = XCBuildConfiguration;
			buildSettings = {
				ALWAYS_EMBED_SWIFT_STANDARD_LIBRARIES = YES;
				CODE_SIGN_STYLE = Automatic;
				CURRENT_PROJECT_VERSION = 1;
				DEVELOPMENT_TEAM = BR3T8YBB5L;
				GENERATE_INFOPLIST_FILE = YES;
				MARKETING_VERSION = 1.0;
				PRODUCT_BUNDLE_IDENTIFIER = "com.gmail.yuukirinnma.TCA-todosUITests";
				PRODUCT_NAME = "$(TARGET_NAME)";
				SWIFT_EMIT_LOC_STRINGS = NO;
				SWIFT_VERSION = 5.0;
				TARGETED_DEVICE_FAMILY = "1,2";
				TEST_TARGET_NAME = "TCA-todos";
			};
			name = Release;
		};
/* End XCBuildConfiguration section */

/* Begin XCConfigurationList section */
		D4822AA029D3E3C200ECAF34 /* Build configuration list for PBXProject "TCA-todos" */ = {
			isa = XCConfigurationList;
			buildConfigurations = (
				D4822AC729D3E3C300ECAF34 /* Debug */,
				D4822AC829D3E3C300ECAF34 /* Release */,
			);
			defaultConfigurationIsVisible = 0;
			defaultConfigurationName = Release;
		};
		D4822AC929D3E3C300ECAF34 /* Build configuration list for PBXNativeTarget "TCA-todos" */ = {
			isa = XCConfigurationList;
			buildConfigurations = (
				D4822ACA29D3E3C300ECAF34 /* Debug */,
				D4822ACB29D3E3C300ECAF34 /* Release */,
			);
			defaultConfigurationIsVisible = 0;
			defaultConfigurationName = Release;
		};
		D4822ACC29D3E3C300ECAF34 /* Build configuration list for PBXNativeTarget "TCA-todosTests" */ = {
			isa = XCConfigurationList;
			buildConfigurations = (
				D4822ACD29D3E3C300ECAF34 /* Debug */,
				D4822ACE29D3E3C300ECAF34 /* Release */,
			);
			defaultConfigurationIsVisible = 0;
			defaultConfigurationName = Release;
		};
		D4822ACF29D3E3C300ECAF34 /* Build configuration list for PBXNativeTarget "TCA-todosUITests" */ = {
			isa = XCConfigurationList;
			buildConfigurations = (
				D4822AD029D3E3C300ECAF34 /* Debug */,
				D4822AD129D3E3C300ECAF34 /* Release */,
			);
			defaultConfigurationIsVisible = 0;
			defaultConfigurationName = Release;
		};
/* End XCConfigurationList section */

/* Begin XCRemoteSwiftPackageReference section */
		D4C7A2B32A17860C00B91221 /* XCRemoteSwiftPackageReference "swift-dependencies" */ = {
			isa = XCRemoteSwiftPackageReference;
			repositoryURL = "https://github.com/pointfreeco/swift-dependencies";
			requirement = {
				kind = upToNextMajorVersion;
				minimumVersion = 0.5.0;
			};
		};
/* End XCRemoteSwiftPackageReference section */

/* Begin XCSwiftPackageProductDependency section */
		D4C7A2B42A17860C00B91221 /* Dependencies */ = {
			isa = XCSwiftPackageProductDependency;
			package = D4C7A2B32A17860C00B91221 /* XCRemoteSwiftPackageReference "swift-dependencies" */;
			productName = Dependencies;
		};
/* End XCSwiftPackageProductDependency section */
	};
	rootObject = D4822A9D29D3E3C200ECAF34 /* Project object */;
}
