// !$*UTF8*$!
{
	archiveVersion = 1;
	classes = {
	};
	objectVersion = 55;
	objects = {

/* Begin PBXBuildFile section */
		D4647996288E961000F72EEE /* AppDelegate.swift in Sources */ = {isa = PBXBuildFile; fileRef = D4647995288E961000F72EEE /* AppDelegate.swift */; };
		D4647998288E961000F72EEE /* SceneDelegate.swift in Sources */ = {isa = PBXBuildFile; fileRef = D4647997288E961000F72EEE /* SceneDelegate.swift */; };
		D464799A288E961000F72EEE /* ViewController.swift in Sources */ = {isa = PBXBuildFile; fileRef = D4647999288E961000F72EEE /* ViewController.swift */; };
		D464799F288E961200F72EEE /* Assets.xcassets in Resources */ = {isa = PBXBuildFile; fileRef = D464799E288E961200F72EEE /* Assets.xcassets */; };
		D46479A2288E961200F72EEE /* LaunchScreen.storyboard in Resources */ = {isa = PBXBuildFile; fileRef = D46479A0288E961200F72EEE /* LaunchScreen.storyboard */; };
		D46479AD288E961200F72EEE /* MVVM_practice01Tests.swift in Sources */ = {isa = PBXBuildFile; fileRef = D46479AC288E961200F72EEE /* MVVM_practice01Tests.swift */; };
		D46479B7288E961200F72EEE /* MVVM_practice01UITests.swift in Sources */ = {isa = PBXBuildFile; fileRef = D46479B6288E961200F72EEE /* MVVM_practice01UITests.swift */; };
		D46479B9288E961200F72EEE /* MVVM_practice01UITestsLaunchTests.swift in Sources */ = {isa = PBXBuildFile; fileRef = D46479B8288E961200F72EEE /* MVVM_practice01UITestsLaunchTests.swift */; };
		D46479C7288E965B00F72EEE /* RxCocoa in Frameworks */ = {isa = PBXBuildFile; productRef = D46479C6288E965B00F72EEE /* RxCocoa */; };
		D46479C9288E965B00F72EEE /* RxSwift in Frameworks */ = {isa = PBXBuildFile; productRef = D46479C8288E965B00F72EEE /* RxSwift */; };
		D46479CC288E967B00F72EEE /* SnapKit in Frameworks */ = {isa = PBXBuildFile; productRef = D46479CB288E967B00F72EEE /* SnapKit */; };
/* End PBXBuildFile section */

/* Begin PBXContainerItemProxy section */
		D46479A9288E961200F72EEE /* PBXContainerItemProxy */ = {
			isa = PBXContainerItemProxy;
			containerPortal = D464798A288E961000F72EEE /* Project object */;
			proxyType = 1;
			remoteGlobalIDString = D4647991288E961000F72EEE;
			remoteInfo = "MVVM-practice01";
		};
		D46479B3288E961200F72EEE /* PBXContainerItemProxy */ = {
			isa = PBXContainerItemProxy;
			containerPortal = D464798A288E961000F72EEE /* Project object */;
			proxyType = 1;
			remoteGlobalIDString = D4647991288E961000F72EEE;
			remoteInfo = "MVVM-practice01";
		};
/* End PBXContainerItemProxy section */

/* Begin PBXFileReference section */
		D4647992288E961000F72EEE /* MVVM-practice01.app */ = {isa = PBXFileReference; explicitFileType = wrapper.application; includeInIndex = 0; path = "MVVM-practice01.app"; sourceTree = BUILT_PRODUCTS_DIR; };
		D4647995288E961000F72EEE /* AppDelegate.swift */ = {isa = PBXFileReference; lastKnownFileType = sourcecode.swift; path = AppDelegate.swift; sourceTree = "<group>"; };
		D4647997288E961000F72EEE /* SceneDelegate.swift */ = {isa = PBXFileReference; lastKnownFileType = sourcecode.swift; path = SceneDelegate.swift; sourceTree = "<group>"; };
		D4647999288E961000F72EEE /* ViewController.swift */ = {isa = PBXFileReference; lastKnownFileType = sourcecode.swift; path = ViewController.swift; sourceTree = "<group>"; };
		D464799E288E961200F72EEE /* Assets.xcassets */ = {isa = PBXFileReference; lastKnownFileType = folder.assetcatalog; path = Assets.xcassets; sourceTree = "<group>"; };
		D46479A1288E961200F72EEE /* Base */ = {isa = PBXFileReference; lastKnownFileType = file.storyboard; name = Base; path = Base.lproj/LaunchScreen.storyboard; sourceTree = "<group>"; };
		D46479A3288E961200F72EEE /* Info.plist */ = {isa = PBXFileReference; lastKnownFileType = text.plist.xml; path = Info.plist; sourceTree = "<group>"; };
		D46479A8288E961200F72EEE /* MVVM-practice01Tests.xctest */ = {isa = PBXFileReference; explicitFileType = wrapper.cfbundle; includeInIndex = 0; path = "MVVM-practice01Tests.xctest"; sourceTree = BUILT_PRODUCTS_DIR; };
		D46479AC288E961200F72EEE /* MVVM_practice01Tests.swift */ = {isa = PBXFileReference; lastKnownFileType = sourcecode.swift; path = MVVM_practice01Tests.swift; sourceTree = "<group>"; };
		D46479B2288E961200F72EEE /* MVVM-practice01UITests.xctest */ = {isa = PBXFileReference; explicitFileType = wrapper.cfbundle; includeInIndex = 0; path = "MVVM-practice01UITests.xctest"; sourceTree = BUILT_PRODUCTS_DIR; };
		D46479B6288E961200F72EEE /* MVVM_practice01UITests.swift */ = {isa = PBXFileReference; lastKnownFileType = sourcecode.swift; path = MVVM_practice01UITests.swift; sourceTree = "<group>"; };
		D46479B8288E961200F72EEE /* MVVM_practice01UITestsLaunchTests.swift */ = {isa = PBXFileReference; lastKnownFileType = sourcecode.swift; path = MVVM_practice01UITestsLaunchTests.swift; sourceTree = "<group>"; };
/* End PBXFileReference section */

/* Begin PBXFrameworksBuildPhase section */
		D464798F288E961000F72EEE /* Frameworks */ = {
			isa = PBXFrameworksBuildPhase;
			buildActionMask = 2147483647;
			files = (
				D46479CC288E967B00F72EEE /* SnapKit in Frameworks */,
				D46479C9288E965B00F72EEE /* RxSwift in Frameworks */,
				D46479C7288E965B00F72EEE /* RxCocoa in Frameworks */,
			);
			runOnlyForDeploymentPostprocessing = 0;
		};
		D46479A5288E961200F72EEE /* Frameworks */ = {
			isa = PBXFrameworksBuildPhase;
			buildActionMask = 2147483647;
			files = (
			);
			runOnlyForDeploymentPostprocessing = 0;
		};
		D46479AF288E961200F72EEE /* Frameworks */ = {
			isa = PBXFrameworksBuildPhase;
			buildActionMask = 2147483647;
			files = (
			);
			runOnlyForDeploymentPostprocessing = 0;
		};
/* End PBXFrameworksBuildPhase section */

/* Begin PBXGroup section */
		D4647989288E961000F72EEE = {
			isa = PBXGroup;
			children = (
				D4647994288E961000F72EEE /* MVVM-practice01 */,
				D46479AB288E961200F72EEE /* MVVM-practice01Tests */,
				D46479B5288E961200F72EEE /* MVVM-practice01UITests */,
				D4647993288E961000F72EEE /* Products */,
			);
			sourceTree = "<group>";
		};
		D4647993288E961000F72EEE /* Products */ = {
			isa = PBXGroup;
			children = (
				D4647992288E961000F72EEE /* MVVM-practice01.app */,
				D46479A8288E961200F72EEE /* MVVM-practice01Tests.xctest */,
				D46479B2288E961200F72EEE /* MVVM-practice01UITests.xctest */,
			);
			name = Products;
			sourceTree = "<group>";
		};
		D4647994288E961000F72EEE /* MVVM-practice01 */ = {
			isa = PBXGroup;
			children = (
				D4647995288E961000F72EEE /* AppDelegate.swift */,
				D4647997288E961000F72EEE /* SceneDelegate.swift */,
				D4647999288E961000F72EEE /* ViewController.swift */,
				D464799E288E961200F72EEE /* Assets.xcassets */,
				D46479A0288E961200F72EEE /* LaunchScreen.storyboard */,
				D46479A3288E961200F72EEE /* Info.plist */,
			);
			path = "MVVM-practice01";
			sourceTree = "<group>";
		};
		D46479AB288E961200F72EEE /* MVVM-practice01Tests */ = {
			isa = PBXGroup;
			children = (
				D46479AC288E961200F72EEE /* MVVM_practice01Tests.swift */,
			);
			path = "MVVM-practice01Tests";
			sourceTree = "<group>";
		};
		D46479B5288E961200F72EEE /* MVVM-practice01UITests */ = {
			isa = PBXGroup;
			children = (
				D46479B6288E961200F72EEE /* MVVM_practice01UITests.swift */,
				D46479B8288E961200F72EEE /* MVVM_practice01UITestsLaunchTests.swift */,
			);
			path = "MVVM-practice01UITests";
			sourceTree = "<group>";
		};
/* End PBXGroup section */

/* Begin PBXNativeTarget section */
		D4647991288E961000F72EEE /* MVVM-practice01 */ = {
			isa = PBXNativeTarget;
			buildConfigurationList = D46479BC288E961200F72EEE /* Build configuration list for PBXNativeTarget "MVVM-practice01" */;
			buildPhases = (
				D464798E288E961000F72EEE /* Sources */,
				D464798F288E961000F72EEE /* Frameworks */,
				D4647990288E961000F72EEE /* Resources */,
			);
			buildRules = (
			);
			dependencies = (
			);
			name = "MVVM-practice01";
			packageProductDependencies = (
				D46479C6288E965B00F72EEE /* RxCocoa */,
				D46479C8288E965B00F72EEE /* RxSwift */,
				D46479CB288E967B00F72EEE /* SnapKit */,
			);
			productName = "MVVM-practice01";
			productReference = D4647992288E961000F72EEE /* MVVM-practice01.app */;
			productType = "com.apple.product-type.application";
		};
		D46479A7288E961200F72EEE /* MVVM-practice01Tests */ = {
			isa = PBXNativeTarget;
			buildConfigurationList = D46479BF288E961200F72EEE /* Build configuration list for PBXNativeTarget "MVVM-practice01Tests" */;
			buildPhases = (
				D46479A4288E961200F72EEE /* Sources */,
				D46479A5288E961200F72EEE /* Frameworks */,
				D46479A6288E961200F72EEE /* Resources */,
			);
			buildRules = (
			);
			dependencies = (
				D46479AA288E961200F72EEE /* PBXTargetDependency */,
			);
			name = "MVVM-practice01Tests";
			productName = "MVVM-practice01Tests";
			productReference = D46479A8288E961200F72EEE /* MVVM-practice01Tests.xctest */;
			productType = "com.apple.product-type.bundle.unit-test";
		};
		D46479B1288E961200F72EEE /* MVVM-practice01UITests */ = {
			isa = PBXNativeTarget;
			buildConfigurationList = D46479C2288E961200F72EEE /* Build configuration list for PBXNativeTarget "MVVM-practice01UITests" */;
			buildPhases = (
				D46479AE288E961200F72EEE /* Sources */,
				D46479AF288E961200F72EEE /* Frameworks */,
				D46479B0288E961200F72EEE /* Resources */,
			);
			buildRules = (
			);
			dependencies = (
				D46479B4288E961200F72EEE /* PBXTargetDependency */,
			);
			name = "MVVM-practice01UITests";
			productName = "MVVM-practice01UITests";
			productReference = D46479B2288E961200F72EEE /* MVVM-practice01UITests.xctest */;
			productType = "com.apple.product-type.bundle.ui-testing";
		};
/* End PBXNativeTarget section */

/* Begin PBXProject section */
		D464798A288E961000F72EEE /* Project object */ = {
			isa = PBXProject;
			attributes = {
				BuildIndependentTargetsInParallel = 1;
				LastSwiftUpdateCheck = 1330;
				LastUpgradeCheck = 1330;
				TargetAttributes = {
					D4647991288E961000F72EEE = {
						CreatedOnToolsVersion = 13.3;
					};
					D46479A7288E961200F72EEE = {
						CreatedOnToolsVersion = 13.3;
						TestTargetID = D4647991288E961000F72EEE;
					};
					D46479B1288E961200F72EEE = {
						CreatedOnToolsVersion = 13.3;
						TestTargetID = D4647991288E961000F72EEE;
					};
				};
			};
			buildConfigurationList = D464798D288E961000F72EEE /* Build configuration list for PBXProject "MVVM-practice01" */;
			compatibilityVersion = "Xcode 13.0";
			developmentRegion = en;
			hasScannedForEncodings = 0;
			knownRegions = (
				en,
				Base,
			);
			mainGroup = D4647989288E961000F72EEE;
			packageReferences = (
				D46479C5288E965B00F72EEE /* XCRemoteSwiftPackageReference "RxSwift" */,
				D46479CA288E967B00F72EEE /* XCRemoteSwiftPackageReference "SnapKit" */,
			);
			productRefGroup = D4647993288E961000F72EEE /* Products */;
			projectDirPath = "";
			projectRoot = "";
			targets = (
				D4647991288E961000F72EEE /* MVVM-practice01 */,
				D46479A7288E961200F72EEE /* MVVM-practice01Tests */,
				D46479B1288E961200F72EEE /* MVVM-practice01UITests */,
			);
		};
/* End PBXProject section */

/* Begin PBXResourcesBuildPhase section */
		D4647990288E961000F72EEE /* Resources */ = {
			isa = PBXResourcesBuildPhase;
			buildActionMask = 2147483647;
			files = (
				D46479A2288E961200F72EEE /* LaunchScreen.storyboard in Resources */,
				D464799F288E961200F72EEE /* Assets.xcassets in Resources */,
			);
			runOnlyForDeploymentPostprocessing = 0;
		};
		D46479A6288E961200F72EEE /* Resources */ = {
			isa = PBXResourcesBuildPhase;
			buildActionMask = 2147483647;
			files = (
			);
			runOnlyForDeploymentPostprocessing = 0;
		};
		D46479B0288E961200F72EEE /* Resources */ = {
			isa = PBXResourcesBuildPhase;
			buildActionMask = 2147483647;
			files = (
			);
			runOnlyForDeploymentPostprocessing = 0;
		};
/* End PBXResourcesBuildPhase section */

/* Begin PBXSourcesBuildPhase section */
		D464798E288E961000F72EEE /* Sources */ = {
			isa = PBXSourcesBuildPhase;
			buildActionMask = 2147483647;
			files = (
				D464799A288E961000F72EEE /* ViewController.swift in Sources */,
				D4647996288E961000F72EEE /* AppDelegate.swift in Sources */,
				D4647998288E961000F72EEE /* SceneDelegate.swift in Sources */,
			);
			runOnlyForDeploymentPostprocessing = 0;
		};
		D46479A4288E961200F72EEE /* Sources */ = {
			isa = PBXSourcesBuildPhase;
			buildActionMask = 2147483647;
			files = (
				D46479AD288E961200F72EEE /* MVVM_practice01Tests.swift in Sources */,
			);
			runOnlyForDeploymentPostprocessing = 0;
		};
		D46479AE288E961200F72EEE /* Sources */ = {
			isa = PBXSourcesBuildPhase;
			buildActionMask = 2147483647;
			files = (
				D46479B9288E961200F72EEE /* MVVM_practice01UITestsLaunchTests.swift in Sources */,
				D46479B7288E961200F72EEE /* MVVM_practice01UITests.swift in Sources */,
			);
			runOnlyForDeploymentPostprocessing = 0;
		};
/* End PBXSourcesBuildPhase section */

/* Begin PBXTargetDependency section */
		D46479AA288E961200F72EEE /* PBXTargetDependency */ = {
			isa = PBXTargetDependency;
			target = D4647991288E961000F72EEE /* MVVM-practice01 */;
			targetProxy = D46479A9288E961200F72EEE /* PBXContainerItemProxy */;
		};
		D46479B4288E961200F72EEE /* PBXTargetDependency */ = {
			isa = PBXTargetDependency;
			target = D4647991288E961000F72EEE /* MVVM-practice01 */;
			targetProxy = D46479B3288E961200F72EEE /* PBXContainerItemProxy */;
		};
/* End PBXTargetDependency section */

/* Begin PBXVariantGroup section */
		D46479A0288E961200F72EEE /* LaunchScreen.storyboard */ = {
			isa = PBXVariantGroup;
			children = (
				D46479A1288E961200F72EEE /* Base */,
			);
			name = LaunchScreen.storyboard;
			sourceTree = "<group>";
		};
/* End PBXVariantGroup section */

/* Begin XCBuildConfiguration section */
		D46479BA288E961200F72EEE /* Debug */ = {
			isa = XCBuildConfiguration;
			buildSettings = {
				ALWAYS_SEARCH_USER_PATHS = NO;
				CLANG_ANALYZER_NONNULL = YES;
				CLANG_ANALYZER_NUMBER_OBJECT_CONVERSION = YES_AGGRESSIVE;
				CLANG_CXX_LANGUAGE_STANDARD = "gnu++17";
				CLANG_ENABLE_MODULES = YES;
				CLANG_ENABLE_OBJC_ARC = YES;
				CLANG_ENABLE_OBJC_WEAK = YES;
				CLANG_WARN_BLOCK_CAPTURE_AUTORELEASING = YES;
				CLANG_WARN_BOOL_CONVERSION = YES;
				CLANG_WARN_COMMA = YES;
				CLANG_WARN_CONSTANT_CONVERSION = YES;
				CLANG_WARN_DEPRECATED_OBJC_IMPLEMENTATIONS = YES;
				CLANG_WARN_DIRECT_OBJC_ISA_USAGE = YES_ERROR;
				CLANG_WARN_DOCUMENTATION_COMMENTS = YES;
				CLANG_WARN_EMPTY_BODY = YES;
				CLANG_WARN_ENUM_CONVERSION = YES;
				CLANG_WARN_INFINITE_RECURSION = YES;
				CLANG_WARN_INT_CONVERSION = YES;
				CLANG_WARN_NON_LITERAL_NULL_CONVERSION = YES;
				CLANG_WARN_OBJC_IMPLICIT_RETAIN_SELF = YES;
				CLANG_WARN_OBJC_LITERAL_CONVERSION = YES;
				CLANG_WARN_OBJC_ROOT_CLASS = YES_ERROR;
				CLANG_WARN_QUOTED_INCLUDE_IN_FRAMEWORK_HEADER = YES;
				CLANG_WARN_RANGE_LOOP_ANALYSIS = YES;
				CLANG_WARN_STRICT_PROTOTYPES = YES;
				CLANG_WARN_SUSPICIOUS_MOVE = YES;
				CLANG_WARN_UNGUARDED_AVAILABILITY = YES_AGGRESSIVE;
				CLANG_WARN_UNREACHABLE_CODE = YES;
				CLANG_WARN__DUPLICATE_METHOD_MATCH = YES;
				COPY_PHASE_STRIP = NO;
				DEBUG_INFORMATION_FORMAT = dwarf;
				ENABLE_STRICT_OBJC_MSGSEND = YES;
				ENABLE_TESTABILITY = YES;
				GCC_C_LANGUAGE_STANDARD = gnu11;
				GCC_DYNAMIC_NO_PIC = NO;
				GCC_NO_COMMON_BLOCKS = YES;
				GCC_OPTIMIZATION_LEVEL = 0;
				GCC_PREPROCESSOR_DEFINITIONS = (
					"DEBUG=1",
					"$(inherited)",
				);
				GCC_WARN_64_TO_32_BIT_CONVERSION = YES;
				GCC_WARN_ABOUT_RETURN_TYPE = YES_ERROR;
				GCC_WARN_UNDECLARED_SELECTOR = YES;
				GCC_WARN_UNINITIALIZED_AUTOS = YES_AGGRESSIVE;
				GCC_WARN_UNUSED_FUNCTION = YES;
				GCC_WARN_UNUSED_VARIABLE = YES;
				IPHONEOS_DEPLOYMENT_TARGET = 15.4;
				MTL_ENABLE_DEBUG_INFO = INCLUDE_SOURCE;
				MTL_FAST_MATH = YES;
				ONLY_ACTIVE_ARCH = YES;
				SDKROOT = iphoneos;
				SWIFT_ACTIVE_COMPILATION_CONDITIONS = DEBUG;
				SWIFT_OPTIMIZATION_LEVEL = "-Onone";
			};
			name = Debug;
		};
		D46479BB288E961200F72EEE /* Release */ = {
			isa = XCBuildConfiguration;
			buildSettings = {
				ALWAYS_SEARCH_USER_PATHS = NO;
				CLANG_ANALYZER_NONNULL = YES;
				CLANG_ANALYZER_NUMBER_OBJECT_CONVERSION = YES_AGGRESSIVE;
				CLANG_CXX_LANGUAGE_STANDARD = "gnu++17";
				CLANG_ENABLE_MODULES = YES;
				CLANG_ENABLE_OBJC_ARC = YES;
				CLANG_ENABLE_OBJC_WEAK = YES;
				CLANG_WARN_BLOCK_CAPTURE_AUTORELEASING = YES;
				CLANG_WARN_BOOL_CONVERSION = YES;
				CLANG_WARN_COMMA = YES;
				CLANG_WARN_CONSTANT_CONVERSION = YES;
				CLANG_WARN_DEPRECATED_OBJC_IMPLEMENTATIONS = YES;
				CLANG_WARN_DIRECT_OBJC_ISA_USAGE = YES_ERROR;
				CLANG_WARN_DOCUMENTATION_COMMENTS = YES;
				CLANG_WARN_EMPTY_BODY = YES;
				CLANG_WARN_ENUM_CONVERSION = YES;
				CLANG_WARN_INFINITE_RECURSION = YES;
				CLANG_WARN_INT_CONVERSION = YES;
				CLANG_WARN_NON_LITERAL_NULL_CONVERSION = YES;
				CLANG_WARN_OBJC_IMPLICIT_RETAIN_SELF = YES;
				CLANG_WARN_OBJC_LITERAL_CONVERSION = YES;
				CLANG_WARN_OBJC_ROOT_CLASS = YES_ERROR;
				CLANG_WARN_QUOTED_INCLUDE_IN_FRAMEWORK_HEADER = YES;
				CLANG_WARN_RANGE_LOOP_ANALYSIS = YES;
				CLANG_WARN_STRICT_PROTOTYPES = YES;
				CLANG_WARN_SUSPICIOUS_MOVE = YES;
				CLANG_WARN_UNGUARDED_AVAILABILITY = YES_AGGRESSIVE;
				CLANG_WARN_UNREACHABLE_CODE = YES;
				CLANG_WARN__DUPLICATE_METHOD_MATCH = YES;
				COPY_PHASE_STRIP = NO;
				DEBUG_INFORMATION_FORMAT = "dwarf-with-dsym";
				ENABLE_NS_ASSERTIONS = NO;
				ENABLE_STRICT_OBJC_MSGSEND = YES;
				GCC_C_LANGUAGE_STANDARD = gnu11;
				GCC_NO_COMMON_BLOCKS = YES;
				GCC_WARN_64_TO_32_BIT_CONVERSION = YES;
				GCC_WARN_ABOUT_RETURN_TYPE = YES_ERROR;
				GCC_WARN_UNDECLARED_SELECTOR = YES;
				GCC_WARN_UNINITIALIZED_AUTOS = YES_AGGRESSIVE;
				GCC_WARN_UNUSED_FUNCTION = YES;
				GCC_WARN_UNUSED_VARIABLE = YES;
				IPHONEOS_DEPLOYMENT_TARGET = 15.4;
				MTL_ENABLE_DEBUG_INFO = NO;
				MTL_FAST_MATH = YES;
				SDKROOT = iphoneos;
				SWIFT_COMPILATION_MODE = wholemodule;
				SWIFT_OPTIMIZATION_LEVEL = "-O";
				VALIDATE_PRODUCT = YES;
			};
			name = Release;
		};
		D46479BD288E961200F72EEE /* Debug */ = {
			isa = XCBuildConfiguration;
			buildSettings = {
				ASSETCATALOG_COMPILER_APPICON_NAME = AppIcon;
				ASSETCATALOG_COMPILER_GLOBAL_ACCENT_COLOR_NAME = AccentColor;
				CODE_SIGN_STYLE = Automatic;
				CURRENT_PROJECT_VERSION = 1;
				DEVELOPMENT_TEAM = BR3T8YBB5L;
				GENERATE_INFOPLIST_FILE = YES;
				INFOPLIST_FILE = "MVVM-practice01/Info.plist";
				INFOPLIST_KEY_UIApplicationSupportsIndirectInputEvents = YES;
				INFOPLIST_KEY_UILaunchStoryboardName = LaunchScreen;
				INFOPLIST_KEY_UIMainStoryboardFile = "";
				INFOPLIST_KEY_UISupportedInterfaceOrientations_iPad = "UIInterfaceOrientationPortrait UIInterfaceOrientationPortraitUpsideDown UIInterfaceOrientationLandscapeLeft UIInterfaceOrientationLandscapeRight";
				INFOPLIST_KEY_UISupportedInterfaceOrientations_iPhone = "UIInterfaceOrientationPortrait UIInterfaceOrientationLandscapeLeft UIInterfaceOrientationLandscapeRight";
				LD_RUNPATH_SEARCH_PATHS = (
					"$(inherited)",
					"@executable_path/Frameworks",
				);
				MARKETING_VERSION = 1.0;
				PRODUCT_BUNDLE_IDENTIFIER = "com.gmail.yuukirinnma.MVVM-practice01";
				PRODUCT_NAME = "$(TARGET_NAME)";
				SWIFT_EMIT_LOC_STRINGS = YES;
				SWIFT_VERSION = 5.0;
				TARGETED_DEVICE_FAMILY = "1,2";
			};
			name = Debug;
		};
		D46479BE288E961200F72EEE /* Release */ = {
			isa = XCBuildConfiguration;
			buildSettings = {
				ASSETCATALOG_COMPILER_APPICON_NAME = AppIcon;
				ASSETCATALOG_COMPILER_GLOBAL_ACCENT_COLOR_NAME = AccentColor;
				CODE_SIGN_STYLE = Automatic;
				CURRENT_PROJECT_VERSION = 1;
				DEVELOPMENT_TEAM = BR3T8YBB5L;
				GENERATE_INFOPLIST_FILE = YES;
				INFOPLIST_FILE = "MVVM-practice01/Info.plist";
				INFOPLIST_KEY_UIApplicationSupportsIndirectInputEvents = YES;
				INFOPLIST_KEY_UILaunchStoryboardName = LaunchScreen;
				INFOPLIST_KEY_UIMainStoryboardFile = "";
				INFOPLIST_KEY_UISupportedInterfaceOrientations_iPad = "UIInterfaceOrientationPortrait UIInterfaceOrientationPortraitUpsideDown UIInterfaceOrientationLandscapeLeft UIInterfaceOrientationLandscapeRight";
				INFOPLIST_KEY_UISupportedInterfaceOrientations_iPhone = "UIInterfaceOrientationPortrait UIInterfaceOrientationLandscapeLeft UIInterfaceOrientationLandscapeRight";
				LD_RUNPATH_SEARCH_PATHS = (
					"$(inherited)",
					"@executable_path/Frameworks",
				);
				MARKETING_VERSION = 1.0;
				PRODUCT_BUNDLE_IDENTIFIER = "com.gmail.yuukirinnma.MVVM-practice01";
				PRODUCT_NAME = "$(TARGET_NAME)";
				SWIFT_EMIT_LOC_STRINGS = YES;
				SWIFT_VERSION = 5.0;
				TARGETED_DEVICE_FAMILY = "1,2";
			};
			name = Release;
		};
		D46479C0288E961200F72EEE /* Debug */ = {
			isa = XCBuildConfiguration;
			buildSettings = {
				ALWAYS_EMBED_SWIFT_STANDARD_LIBRARIES = YES;
				BUNDLE_LOADER = "$(TEST_HOST)";
				CODE_SIGN_STYLE = Automatic;
				CURRENT_PROJECT_VERSION = 1;
				DEVELOPMENT_TEAM = BR3T8YBB5L;
				GENERATE_INFOPLIST_FILE = YES;
				IPHONEOS_DEPLOYMENT_TARGET = 15.4;
				MARKETING_VERSION = 1.0;
				PRODUCT_BUNDLE_IDENTIFIER = "com.gmail.yuukirinnma.MVVM-practice01Tests";
				PRODUCT_NAME = "$(TARGET_NAME)";
				SWIFT_EMIT_LOC_STRINGS = NO;
				SWIFT_VERSION = 5.0;
				TARGETED_DEVICE_FAMILY = "1,2";
				TEST_HOST = "$(BUILT_PRODUCTS_DIR)/MVVM-practice01.app/MVVM-practice01";
			};
			name = Debug;
		};
		D46479C1288E961200F72EEE /* Release */ = {
			isa = XCBuildConfiguration;
			buildSettings = {
				ALWAYS_EMBED_SWIFT_STANDARD_LIBRARIES = YES;
				BUNDLE_LOADER = "$(TEST_HOST)";
				CODE_SIGN_STYLE = Automatic;
				CURRENT_PROJECT_VERSION = 1;
				DEVELOPMENT_TEAM = BR3T8YBB5L;
				GENERATE_INFOPLIST_FILE = YES;
				IPHONEOS_DEPLOYMENT_TARGET = 15.4;
				MARKETING_VERSION = 1.0;
				PRODUCT_BUNDLE_IDENTIFIER = "com.gmail.yuukirinnma.MVVM-practice01Tests";
				PRODUCT_NAME = "$(TARGET_NAME)";
				SWIFT_EMIT_LOC_STRINGS = NO;
				SWIFT_VERSION = 5.0;
				TARGETED_DEVICE_FAMILY = "1,2";
				TEST_HOST = "$(BUILT_PRODUCTS_DIR)/MVVM-practice01.app/MVVM-practice01";
			};
			name = Release;
		};
		D46479C3288E961200F72EEE /* Debug */ = {
			isa = XCBuildConfiguration;
			buildSettings = {
				ALWAYS_EMBED_SWIFT_STANDARD_LIBRARIES = YES;
				CODE_SIGN_STYLE = Automatic;
				CURRENT_PROJECT_VERSION = 1;
				DEVELOPMENT_TEAM = BR3T8YBB5L;
				GENERATE_INFOPLIST_FILE = YES;
				MARKETING_VERSION = 1.0;
				PRODUCT_BUNDLE_IDENTIFIER = "com.gmail.yuukirinnma.MVVM-practice01UITests";
				PRODUCT_NAME = "$(TARGET_NAME)";
				SWIFT_EMIT_LOC_STRINGS = NO;
				SWIFT_VERSION = 5.0;
				TARGETED_DEVICE_FAMILY = "1,2";
				TEST_TARGET_NAME = "MVVM-practice01";
			};
			name = Debug;
		};
		D46479C4288E961200F72EEE /* Release */ = {
			isa = XCBuildConfiguration;
			buildSettings = {
				ALWAYS_EMBED_SWIFT_STANDARD_LIBRARIES = YES;
				CODE_SIGN_STYLE = Automatic;
				CURRENT_PROJECT_VERSION = 1;
				DEVELOPMENT_TEAM = BR3T8YBB5L;
				GENERATE_INFOPLIST_FILE = YES;
				MARKETING_VERSION = 1.0;
				PRODUCT_BUNDLE_IDENTIFIER = "com.gmail.yuukirinnma.MVVM-practice01UITests";
				PRODUCT_NAME = "$(TARGET_NAME)";
				SWIFT_EMIT_LOC_STRINGS = NO;
				SWIFT_VERSION = 5.0;
				TARGETED_DEVICE_FAMILY = "1,2";
				TEST_TARGET_NAME = "MVVM-practice01";
			};
			name = Release;
		};
/* End XCBuildConfiguration section */

/* Begin XCConfigurationList section */
		D464798D288E961000F72EEE /* Build configuration list for PBXProject "MVVM-practice01" */ = {
			isa = XCConfigurationList;
			buildConfigurations = (
				D46479BA288E961200F72EEE /* Debug */,
				D46479BB288E961200F72EEE /* Release */,
			);
			defaultConfigurationIsVisible = 0;
			defaultConfigurationName = Release;
		};
		D46479BC288E961200F72EEE /* Build configuration list for PBXNativeTarget "MVVM-practice01" */ = {
			isa = XCConfigurationList;
			buildConfigurations = (
				D46479BD288E961200F72EEE /* Debug */,
				D46479BE288E961200F72EEE /* Release */,
			);
			defaultConfigurationIsVisible = 0;
			defaultConfigurationName = Release;
		};
		D46479BF288E961200F72EEE /* Build configuration list for PBXNativeTarget "MVVM-practice01Tests" */ = {
			isa = XCConfigurationList;
			buildConfigurations = (
				D46479C0288E961200F72EEE /* Debug */,
				D46479C1288E961200F72EEE /* Release */,
			);
			defaultConfigurationIsVisible = 0;
			defaultConfigurationName = Release;
		};
		D46479C2288E961200F72EEE /* Build configuration list for PBXNativeTarget "MVVM-practice01UITests" */ = {
			isa = XCConfigurationList;
			buildConfigurations = (
				D46479C3288E961200F72EEE /* Debug */,
				D46479C4288E961200F72EEE /* Release */,
			);
			defaultConfigurationIsVisible = 0;
			defaultConfigurationName = Release;
		};
/* End XCConfigurationList section */

/* Begin XCRemoteSwiftPackageReference section */
		D46479C5288E965B00F72EEE /* XCRemoteSwiftPackageReference "RxSwift" */ = {
			isa = XCRemoteSwiftPackageReference;
			repositoryURL = "https://github.com/ReactiveX/RxSwift";
			requirement = {
				kind = upToNextMajorVersion;
				minimumVersion = 6.0.0;
			};
		};
		D46479CA288E967B00F72EEE /* XCRemoteSwiftPackageReference "SnapKit" */ = {
			isa = XCRemoteSwiftPackageReference;
			repositoryURL = "https://github.com/SnapKit/SnapKit";
			requirement = {
				kind = upToNextMajorVersion;
				minimumVersion = 5.0.0;
			};
		};
/* End XCRemoteSwiftPackageReference section */

/* Begin XCSwiftPackageProductDependency section */
		D46479C6288E965B00F72EEE /* RxCocoa */ = {
			isa = XCSwiftPackageProductDependency;
			package = D46479C5288E965B00F72EEE /* XCRemoteSwiftPackageReference "RxSwift" */;
			productName = RxCocoa;
		};
		D46479C8288E965B00F72EEE /* RxSwift */ = {
			isa = XCSwiftPackageProductDependency;
			package = D46479C5288E965B00F72EEE /* XCRemoteSwiftPackageReference "RxSwift" */;
			productName = RxSwift;
		};
		D46479CB288E967B00F72EEE /* SnapKit */ = {
			isa = XCSwiftPackageProductDependency;
			package = D46479CA288E967B00F72EEE /* XCRemoteSwiftPackageReference "SnapKit" */;
			productName = SnapKit;
		};
/* End XCSwiftPackageProductDependency section */
	};
	rootObject = D464798A288E961000F72EEE /* Project object */;
}
