// !$*UTF8*$!
{
	archiveVersion = 1;
	classes = {
	};
	objectVersion = 56;
	objects = {

/* Begin PBXBuildFile section */
		D44F5CDB291DD52700DE7818 /* AppDelegate.swift in Sources */ = {isa = PBXBuildFile; fileRef = D44F5CDA291DD52700DE7818 /* AppDelegate.swift */; };
		D44F5CDD291DD52700DE7818 /* SceneDelegate.swift in Sources */ = {isa = PBXBuildFile; fileRef = D44F5CDC291DD52700DE7818 /* SceneDelegate.swift */; };
		D44F5CDF291DD52700DE7818 /* ViewController.swift in Sources */ = {isa = PBXBuildFile; fileRef = D44F5CDE291DD52700DE7818 /* ViewController.swift */; };
		D44F5CE4291DD52800DE7818 /* Assets.xcassets in Resources */ = {isa = PBXBuildFile; fileRef = D44F5CE3291DD52800DE7818 /* Assets.xcassets */; };
		D44F5CE7291DD52800DE7818 /* LaunchScreen.storyboard in Resources */ = {isa = PBXBuildFile; fileRef = D44F5CE5291DD52800DE7818 /* LaunchScreen.storyboard */; };
		D44F5CF2291DD52800DE7818 /* FluxTests.swift in Sources */ = {isa = PBXBuildFile; fileRef = D44F5CF1291DD52800DE7818 /* FluxTests.swift */; };
		D44F5CFC291DD52800DE7818 /* FluxUITests.swift in Sources */ = {isa = PBXBuildFile; fileRef = D44F5CFB291DD52800DE7818 /* FluxUITests.swift */; };
		D44F5CFE291DD52800DE7818 /* FluxUITestsLaunchTests.swift in Sources */ = {isa = PBXBuildFile; fileRef = D44F5CFD291DD52800DE7818 /* FluxUITestsLaunchTests.swift */; };
		D44F5D0C291DF85C00DE7818 /* Action.swift in Sources */ = {isa = PBXBuildFile; fileRef = D44F5D0B291DF85C00DE7818 /* Action.swift */; };
		D44F5D0F291DF9BC00DE7818 /* QiitaApiSession.swift in Sources */ = {isa = PBXBuildFile; fileRef = D44F5D0E291DF9BC00DE7818 /* QiitaApiSession.swift */; };
/* End PBXBuildFile section */

/* Begin PBXContainerItemProxy section */
		D44F5CEE291DD52800DE7818 /* PBXContainerItemProxy */ = {
			isa = PBXContainerItemProxy;
			containerPortal = D44F5CCF291DD52600DE7818 /* Project object */;
			proxyType = 1;
			remoteGlobalIDString = D44F5CD6291DD52700DE7818;
			remoteInfo = Flux;
		};
		D44F5CF8291DD52800DE7818 /* PBXContainerItemProxy */ = {
			isa = PBXContainerItemProxy;
			containerPortal = D44F5CCF291DD52600DE7818 /* Project object */;
			proxyType = 1;
			remoteGlobalIDString = D44F5CD6291DD52700DE7818;
			remoteInfo = Flux;
		};
/* End PBXContainerItemProxy section */

/* Begin PBXFileReference section */
		D44F5CD7291DD52700DE7818 /* Flux.app */ = {isa = PBXFileReference; explicitFileType = wrapper.application; includeInIndex = 0; path = Flux.app; sourceTree = BUILT_PRODUCTS_DIR; };
		D44F5CDA291DD52700DE7818 /* AppDelegate.swift */ = {isa = PBXFileReference; lastKnownFileType = sourcecode.swift; path = AppDelegate.swift; sourceTree = "<group>"; };
		D44F5CDC291DD52700DE7818 /* SceneDelegate.swift */ = {isa = PBXFileReference; lastKnownFileType = sourcecode.swift; path = SceneDelegate.swift; sourceTree = "<group>"; };
		D44F5CDE291DD52700DE7818 /* ViewController.swift */ = {isa = PBXFileReference; lastKnownFileType = sourcecode.swift; path = ViewController.swift; sourceTree = "<group>"; };
		D44F5CE3291DD52800DE7818 /* Assets.xcassets */ = {isa = PBXFileReference; lastKnownFileType = folder.assetcatalog; path = Assets.xcassets; sourceTree = "<group>"; };
		D44F5CE6291DD52800DE7818 /* Base */ = {isa = PBXFileReference; lastKnownFileType = file.storyboard; name = Base; path = Base.lproj/LaunchScreen.storyboard; sourceTree = "<group>"; };
		D44F5CE8291DD52800DE7818 /* Info.plist */ = {isa = PBXFileReference; lastKnownFileType = text.plist.xml; path = Info.plist; sourceTree = "<group>"; };
		D44F5CED291DD52800DE7818 /* FluxTests.xctest */ = {isa = PBXFileReference; explicitFileType = wrapper.cfbundle; includeInIndex = 0; path = FluxTests.xctest; sourceTree = BUILT_PRODUCTS_DIR; };
		D44F5CF1291DD52800DE7818 /* FluxTests.swift */ = {isa = PBXFileReference; lastKnownFileType = sourcecode.swift; path = FluxTests.swift; sourceTree = "<group>"; };
		D44F5CF7291DD52800DE7818 /* FluxUITests.xctest */ = {isa = PBXFileReference; explicitFileType = wrapper.cfbundle; includeInIndex = 0; path = FluxUITests.xctest; sourceTree = BUILT_PRODUCTS_DIR; };
		D44F5CFB291DD52800DE7818 /* FluxUITests.swift */ = {isa = PBXFileReference; lastKnownFileType = sourcecode.swift; path = FluxUITests.swift; sourceTree = "<group>"; };
		D44F5CFD291DD52800DE7818 /* FluxUITestsLaunchTests.swift */ = {isa = PBXFileReference; lastKnownFileType = sourcecode.swift; path = FluxUITestsLaunchTests.swift; sourceTree = "<group>"; };
		D44F5D0B291DF85C00DE7818 /* Action.swift */ = {isa = PBXFileReference; lastKnownFileType = sourcecode.swift; path = Action.swift; sourceTree = "<group>"; };
		D44F5D0E291DF9BC00DE7818 /* QiitaApiSession.swift */ = {isa = PBXFileReference; lastKnownFileType = sourcecode.swift; path = QiitaApiSession.swift; sourceTree = "<group>"; };
/* End PBXFileReference section */

/* Begin PBXFrameworksBuildPhase section */
		D44F5CD4291DD52700DE7818 /* Frameworks */ = {
			isa = PBXFrameworksBuildPhase;
			buildActionMask = 2147483647;
			files = (
			);
			runOnlyForDeploymentPostprocessing = 0;
		};
		D44F5CEA291DD52800DE7818 /* Frameworks */ = {
			isa = PBXFrameworksBuildPhase;
			buildActionMask = 2147483647;
			files = (
			);
			runOnlyForDeploymentPostprocessing = 0;
		};
		D44F5CF4291DD52800DE7818 /* Frameworks */ = {
			isa = PBXFrameworksBuildPhase;
			buildActionMask = 2147483647;
			files = (
			);
			runOnlyForDeploymentPostprocessing = 0;
		};
/* End PBXFrameworksBuildPhase section */

/* Begin PBXGroup section */
		D44F5CCE291DD52600DE7818 = {
			isa = PBXGroup;
			children = (
				D44F5CD9291DD52700DE7818 /* Flux */,
				D44F5CF0291DD52800DE7818 /* FluxTests */,
				D44F5CFA291DD52800DE7818 /* FluxUITests */,
				D44F5CD8291DD52700DE7818 /* Products */,
			);
			sourceTree = "<group>";
		};
		D44F5CD8291DD52700DE7818 /* Products */ = {
			isa = PBXGroup;
			children = (
				D44F5CD7291DD52700DE7818 /* Flux.app */,
				D44F5CED291DD52800DE7818 /* FluxTests.xctest */,
				D44F5CF7291DD52800DE7818 /* FluxUITests.xctest */,
			);
			name = Products;
			sourceTree = "<group>";
		};
		D44F5CD9291DD52700DE7818 /* Flux */ = {
			isa = PBXGroup;
			children = (
				D44F5CDA291DD52700DE7818 /* AppDelegate.swift */,
				D44F5CDC291DD52700DE7818 /* SceneDelegate.swift */,
				D44F5CDE291DD52700DE7818 /* ViewController.swift */,
				D44F5D0A291DF81300DE7818 /* Action */,
				D44F5D0D291DF9A400DE7818 /* Qiita */,
				D44F5CE3291DD52800DE7818 /* Assets.xcassets */,
				D44F5CE5291DD52800DE7818 /* LaunchScreen.storyboard */,
				D44F5CE8291DD52800DE7818 /* Info.plist */,
			);
			path = Flux;
			sourceTree = "<group>";
		};
		D44F5CF0291DD52800DE7818 /* FluxTests */ = {
			isa = PBXGroup;
			children = (
				D44F5CF1291DD52800DE7818 /* FluxTests.swift */,
			);
			path = FluxTests;
			sourceTree = "<group>";
		};
		D44F5CFA291DD52800DE7818 /* FluxUITests */ = {
			isa = PBXGroup;
			children = (
				D44F5CFB291DD52800DE7818 /* FluxUITests.swift */,
				D44F5CFD291DD52800DE7818 /* FluxUITestsLaunchTests.swift */,
			);
			path = FluxUITests;
			sourceTree = "<group>";
		};
		D44F5D0A291DF81300DE7818 /* Action */ = {
			isa = PBXGroup;
			children = (
				D44F5D0B291DF85C00DE7818 /* Action.swift */,
			);
			path = Action;
			sourceTree = "<group>";
		};
		D44F5D0D291DF9A400DE7818 /* Qiita */ = {
			isa = PBXGroup;
			children = (
				D44F5D0E291DF9BC00DE7818 /* QiitaApiSession.swift */,
			);
			path = Qiita;
			sourceTree = "<group>";
		};
/* End PBXGroup section */

/* Begin PBXNativeTarget section */
		D44F5CD6291DD52700DE7818 /* Flux */ = {
			isa = PBXNativeTarget;
			buildConfigurationList = D44F5D01291DD52800DE7818 /* Build configuration list for PBXNativeTarget "Flux" */;
			buildPhases = (
				D44F5CD3291DD52700DE7818 /* Sources */,
				D44F5CD4291DD52700DE7818 /* Frameworks */,
				D44F5CD5291DD52700DE7818 /* Resources */,
			);
			buildRules = (
			);
			dependencies = (
			);
			name = Flux;
			productName = Flux;
			productReference = D44F5CD7291DD52700DE7818 /* Flux.app */;
			productType = "com.apple.product-type.application";
		};
		D44F5CEC291DD52800DE7818 /* FluxTests */ = {
			isa = PBXNativeTarget;
			buildConfigurationList = D44F5D04291DD52800DE7818 /* Build configuration list for PBXNativeTarget "FluxTests" */;
			buildPhases = (
				D44F5CE9291DD52800DE7818 /* Sources */,
				D44F5CEA291DD52800DE7818 /* Frameworks */,
				D44F5CEB291DD52800DE7818 /* Resources */,
			);
			buildRules = (
			);
			dependencies = (
				D44F5CEF291DD52800DE7818 /* PBXTargetDependency */,
			);
			name = FluxTests;
			productName = FluxTests;
			productReference = D44F5CED291DD52800DE7818 /* FluxTests.xctest */;
			productType = "com.apple.product-type.bundle.unit-test";
		};
		D44F5CF6291DD52800DE7818 /* FluxUITests */ = {
			isa = PBXNativeTarget;
			buildConfigurationList = D44F5D07291DD52800DE7818 /* Build configuration list for PBXNativeTarget "FluxUITests" */;
			buildPhases = (
				D44F5CF3291DD52800DE7818 /* Sources */,
				D44F5CF4291DD52800DE7818 /* Frameworks */,
				D44F5CF5291DD52800DE7818 /* Resources */,
			);
			buildRules = (
			);
			dependencies = (
				D44F5CF9291DD52800DE7818 /* PBXTargetDependency */,
			);
			name = FluxUITests;
			productName = FluxUITests;
			productReference = D44F5CF7291DD52800DE7818 /* FluxUITests.xctest */;
			productType = "com.apple.product-type.bundle.ui-testing";
		};
/* End PBXNativeTarget section */

/* Begin PBXProject section */
		D44F5CCF291DD52600DE7818 /* Project object */ = {
			isa = PBXProject;
			attributes = {
				BuildIndependentTargetsInParallel = 1;
				LastSwiftUpdateCheck = 1400;
				LastUpgradeCheck = 1400;
				TargetAttributes = {
					D44F5CD6291DD52700DE7818 = {
						CreatedOnToolsVersion = 14.0;
					};
					D44F5CEC291DD52800DE7818 = {
						CreatedOnToolsVersion = 14.0;
						TestTargetID = D44F5CD6291DD52700DE7818;
					};
					D44F5CF6291DD52800DE7818 = {
						CreatedOnToolsVersion = 14.0;
						TestTargetID = D44F5CD6291DD52700DE7818;
					};
				};
			};
			buildConfigurationList = D44F5CD2291DD52600DE7818 /* Build configuration list for PBXProject "Flux" */;
			compatibilityVersion = "Xcode 14.0";
			developmentRegion = en;
			hasScannedForEncodings = 0;
			knownRegions = (
				en,
				Base,
			);
			mainGroup = D44F5CCE291DD52600DE7818;
			productRefGroup = D44F5CD8291DD52700DE7818 /* Products */;
			projectDirPath = "";
			projectRoot = "";
			targets = (
				D44F5CD6291DD52700DE7818 /* Flux */,
				D44F5CEC291DD52800DE7818 /* FluxTests */,
				D44F5CF6291DD52800DE7818 /* FluxUITests */,
			);
		};
/* End PBXProject section */

/* Begin PBXResourcesBuildPhase section */
		D44F5CD5291DD52700DE7818 /* Resources */ = {
			isa = PBXResourcesBuildPhase;
			buildActionMask = 2147483647;
			files = (
				D44F5CE7291DD52800DE7818 /* LaunchScreen.storyboard in Resources */,
				D44F5CE4291DD52800DE7818 /* Assets.xcassets in Resources */,
			);
			runOnlyForDeploymentPostprocessing = 0;
		};
		D44F5CEB291DD52800DE7818 /* Resources */ = {
			isa = PBXResourcesBuildPhase;
			buildActionMask = 2147483647;
			files = (
			);
			runOnlyForDeploymentPostprocessing = 0;
		};
		D44F5CF5291DD52800DE7818 /* Resources */ = {
			isa = PBXResourcesBuildPhase;
			buildActionMask = 2147483647;
			files = (
			);
			runOnlyForDeploymentPostprocessing = 0;
		};
/* End PBXResourcesBuildPhase section */

/* Begin PBXSourcesBuildPhase section */
		D44F5CD3291DD52700DE7818 /* Sources */ = {
			isa = PBXSourcesBuildPhase;
			buildActionMask = 2147483647;
			files = (
				D44F5D0F291DF9BC00DE7818 /* QiitaApiSession.swift in Sources */,
				D44F5CDF291DD52700DE7818 /* ViewController.swift in Sources */,
				D44F5D0C291DF85C00DE7818 /* Action.swift in Sources */,
				D44F5CDB291DD52700DE7818 /* AppDelegate.swift in Sources */,
				D44F5CDD291DD52700DE7818 /* SceneDelegate.swift in Sources */,
			);
			runOnlyForDeploymentPostprocessing = 0;
		};
		D44F5CE9291DD52800DE7818 /* Sources */ = {
			isa = PBXSourcesBuildPhase;
			buildActionMask = 2147483647;
			files = (
				D44F5CF2291DD52800DE7818 /* FluxTests.swift in Sources */,
			);
			runOnlyForDeploymentPostprocessing = 0;
		};
		D44F5CF3291DD52800DE7818 /* Sources */ = {
			isa = PBXSourcesBuildPhase;
			buildActionMask = 2147483647;
			files = (
				D44F5CFC291DD52800DE7818 /* FluxUITests.swift in Sources */,
				D44F5CFE291DD52800DE7818 /* FluxUITestsLaunchTests.swift in Sources */,
			);
			runOnlyForDeploymentPostprocessing = 0;
		};
/* End PBXSourcesBuildPhase section */

/* Begin PBXTargetDependency section */
		D44F5CEF291DD52800DE7818 /* PBXTargetDependency */ = {
			isa = PBXTargetDependency;
			target = D44F5CD6291DD52700DE7818 /* Flux */;
			targetProxy = D44F5CEE291DD52800DE7818 /* PBXContainerItemProxy */;
		};
		D44F5CF9291DD52800DE7818 /* PBXTargetDependency */ = {
			isa = PBXTargetDependency;
			target = D44F5CD6291DD52700DE7818 /* Flux */;
			targetProxy = D44F5CF8291DD52800DE7818 /* PBXContainerItemProxy */;
		};
/* End PBXTargetDependency section */

/* Begin PBXVariantGroup section */
		D44F5CE5291DD52800DE7818 /* LaunchScreen.storyboard */ = {
			isa = PBXVariantGroup;
			children = (
				D44F5CE6291DD52800DE7818 /* Base */,
			);
			name = LaunchScreen.storyboard;
			sourceTree = "<group>";
		};
/* End PBXVariantGroup section */

/* Begin XCBuildConfiguration section */
		D44F5CFF291DD52800DE7818 /* Debug */ = {
			isa = XCBuildConfiguration;
			buildSettings = {
				ALWAYS_SEARCH_USER_PATHS = NO;
				CLANG_ANALYZER_NONNULL = YES;
				CLANG_ANALYZER_NUMBER_OBJECT_CONVERSION = YES_AGGRESSIVE;
				CLANG_CXX_LANGUAGE_STANDARD = "gnu++20";
				CLANG_ENABLE_MODULES = YES;
				CLANG_ENABLE_OBJC_ARC = YES;
				CLANG_ENABLE_OBJC_WEAK = YES;
				CLANG_WARN_BLOCK_CAPTURE_AUTORELEASING = YES;
				CLANG_WARN_BOOL_CONVERSION = YES;
				CLANG_WARN_COMMA = YES;
				CLANG_WARN_CONSTANT_CONVERSION = YES;
				CLANG_WARN_DEPRECATED_OBJC_IMPLEMENTATIONS = YES;
				CLANG_WARN_DIRECT_OBJC_ISA_USAGE = YES_ERROR;
				CLANG_WARN_DOCUMENTATION_COMMENTS = YES;
				CLANG_WARN_EMPTY_BODY = YES;
				CLANG_WARN_ENUM_CONVERSION = YES;
				CLANG_WARN_INFINITE_RECURSION = YES;
				CLANG_WARN_INT_CONVERSION = YES;
				CLANG_WARN_NON_LITERAL_NULL_CONVERSION = YES;
				CLANG_WARN_OBJC_IMPLICIT_RETAIN_SELF = YES;
				CLANG_WARN_OBJC_LITERAL_CONVERSION = YES;
				CLANG_WARN_OBJC_ROOT_CLASS = YES_ERROR;
				CLANG_WARN_QUOTED_INCLUDE_IN_FRAMEWORK_HEADER = YES;
				CLANG_WARN_RANGE_LOOP_ANALYSIS = YES;
				CLANG_WARN_STRICT_PROTOTYPES = YES;
				CLANG_WARN_SUSPICIOUS_MOVE = YES;
				CLANG_WARN_UNGUARDED_AVAILABILITY = YES_AGGRESSIVE;
				CLANG_WARN_UNREACHABLE_CODE = YES;
				CLANG_WARN__DUPLICATE_METHOD_MATCH = YES;
				COPY_PHASE_STRIP = NO;
				DEBUG_INFORMATION_FORMAT = dwarf;
				ENABLE_STRICT_OBJC_MSGSEND = YES;
				ENABLE_TESTABILITY = YES;
				GCC_C_LANGUAGE_STANDARD = gnu11;
				GCC_DYNAMIC_NO_PIC = NO;
				GCC_NO_COMMON_BLOCKS = YES;
				GCC_OPTIMIZATION_LEVEL = 0;
				GCC_PREPROCESSOR_DEFINITIONS = (
					"DEBUG=1",
					"$(inherited)",
				);
				GCC_WARN_64_TO_32_BIT_CONVERSION = YES;
				GCC_WARN_ABOUT_RETURN_TYPE = YES_ERROR;
				GCC_WARN_UNDECLARED_SELECTOR = YES;
				GCC_WARN_UNINITIALIZED_AUTOS = YES_AGGRESSIVE;
				GCC_WARN_UNUSED_FUNCTION = YES;
				GCC_WARN_UNUSED_VARIABLE = YES;
				IPHONEOS_DEPLOYMENT_TARGET = 16.0;
				MTL_ENABLE_DEBUG_INFO = INCLUDE_SOURCE;
				MTL_FAST_MATH = YES;
				ONLY_ACTIVE_ARCH = YES;
				SDKROOT = iphoneos;
				SWIFT_ACTIVE_COMPILATION_CONDITIONS = DEBUG;
				SWIFT_OPTIMIZATION_LEVEL = "-Onone";
			};
			name = Debug;
		};
		D44F5D00291DD52800DE7818 /* Release */ = {
			isa = XCBuildConfiguration;
			buildSettings = {
				ALWAYS_SEARCH_USER_PATHS = NO;
				CLANG_ANALYZER_NONNULL = YES;
				CLANG_ANALYZER_NUMBER_OBJECT_CONVERSION = YES_AGGRESSIVE;
				CLANG_CXX_LANGUAGE_STANDARD = "gnu++20";
				CLANG_ENABLE_MODULES = YES;
				CLANG_ENABLE_OBJC_ARC = YES;
				CLANG_ENABLE_OBJC_WEAK = YES;
				CLANG_WARN_BLOCK_CAPTURE_AUTORELEASING = YES;
				CLANG_WARN_BOOL_CONVERSION = YES;
				CLANG_WARN_COMMA = YES;
				CLANG_WARN_CONSTANT_CONVERSION = YES;
				CLANG_WARN_DEPRECATED_OBJC_IMPLEMENTATIONS = YES;
				CLANG_WARN_DIRECT_OBJC_ISA_USAGE = YES_ERROR;
				CLANG_WARN_DOCUMENTATION_COMMENTS = YES;
				CLANG_WARN_EMPTY_BODY = YES;
				CLANG_WARN_ENUM_CONVERSION = YES;
				CLANG_WARN_INFINITE_RECURSION = YES;
				CLANG_WARN_INT_CONVERSION = YES;
				CLANG_WARN_NON_LITERAL_NULL_CONVERSION = YES;
				CLANG_WARN_OBJC_IMPLICIT_RETAIN_SELF = YES;
				CLANG_WARN_OBJC_LITERAL_CONVERSION = YES;
				CLANG_WARN_OBJC_ROOT_CLASS = YES_ERROR;
				CLANG_WARN_QUOTED_INCLUDE_IN_FRAMEWORK_HEADER = YES;
				CLANG_WARN_RANGE_LOOP_ANALYSIS = YES;
				CLANG_WARN_STRICT_PROTOTYPES = YES;
				CLANG_WARN_SUSPICIOUS_MOVE = YES;
				CLANG_WARN_UNGUARDED_AVAILABILITY = YES_AGGRESSIVE;
				CLANG_WARN_UNREACHABLE_CODE = YES;
				CLANG_WARN__DUPLICATE_METHOD_MATCH = YES;
				COPY_PHASE_STRIP = NO;
				DEBUG_INFORMATION_FORMAT = "dwarf-with-dsym";
				ENABLE_NS_ASSERTIONS = NO;
				ENABLE_STRICT_OBJC_MSGSEND = YES;
				GCC_C_LANGUAGE_STANDARD = gnu11;
				GCC_NO_COMMON_BLOCKS = YES;
				GCC_WARN_64_TO_32_BIT_CONVERSION = YES;
				GCC_WARN_ABOUT_RETURN_TYPE = YES_ERROR;
				GCC_WARN_UNDECLARED_SELECTOR = YES;
				GCC_WARN_UNINITIALIZED_AUTOS = YES_AGGRESSIVE;
				GCC_WARN_UNUSED_FUNCTION = YES;
				GCC_WARN_UNUSED_VARIABLE = YES;
				IPHONEOS_DEPLOYMENT_TARGET = 16.0;
				MTL_ENABLE_DEBUG_INFO = NO;
				MTL_FAST_MATH = YES;
				SDKROOT = iphoneos;
				SWIFT_COMPILATION_MODE = wholemodule;
				SWIFT_OPTIMIZATION_LEVEL = "-O";
				VALIDATE_PRODUCT = YES;
			};
			name = Release;
		};
		D44F5D02291DD52800DE7818 /* Debug */ = {
			isa = XCBuildConfiguration;
			buildSettings = {
				ASSETCATALOG_COMPILER_APPICON_NAME = AppIcon;
				ASSETCATALOG_COMPILER_GLOBAL_ACCENT_COLOR_NAME = AccentColor;
				CODE_SIGN_STYLE = Automatic;
				CURRENT_PROJECT_VERSION = 1;
				DEVELOPMENT_TEAM = BR3T8YBB5L;
				GENERATE_INFOPLIST_FILE = YES;
				INFOPLIST_FILE = Flux/Info.plist;
				INFOPLIST_KEY_UIApplicationSupportsIndirectInputEvents = YES;
				INFOPLIST_KEY_UILaunchStoryboardName = LaunchScreen;
				INFOPLIST_KEY_UIMainStoryboardFile = "";
				INFOPLIST_KEY_UISupportedInterfaceOrientations_iPad = "UIInterfaceOrientationPortrait UIInterfaceOrientationPortraitUpsideDown UIInterfaceOrientationLandscapeLeft UIInterfaceOrientationLandscapeRight";
				INFOPLIST_KEY_UISupportedInterfaceOrientations_iPhone = "UIInterfaceOrientationPortrait UIInterfaceOrientationLandscapeLeft UIInterfaceOrientationLandscapeRight";
				LD_RUNPATH_SEARCH_PATHS = (
					"$(inherited)",
					"@executable_path/Frameworks",
				);
				MARKETING_VERSION = 1.0;
				PRODUCT_BUNDLE_IDENTIFIER = com.gmail.yuukirinnma.Flux;
				PRODUCT_NAME = "$(TARGET_NAME)";
				SWIFT_EMIT_LOC_STRINGS = YES;
				SWIFT_VERSION = 5.0;
				TARGETED_DEVICE_FAMILY = "1,2";
			};
			name = Debug;
		};
		D44F5D03291DD52800DE7818 /* Release */ = {
			isa = XCBuildConfiguration;
			buildSettings = {
				ASSETCATALOG_COMPILER_APPICON_NAME = AppIcon;
				ASSETCATALOG_COMPILER_GLOBAL_ACCENT_COLOR_NAME = AccentColor;
				CODE_SIGN_STYLE = Automatic;
				CURRENT_PROJECT_VERSION = 1;
				DEVELOPMENT_TEAM = BR3T8YBB5L;
				GENERATE_INFOPLIST_FILE = YES;
				INFOPLIST_FILE = Flux/Info.plist;
				INFOPLIST_KEY_UIApplicationSupportsIndirectInputEvents = YES;
				INFOPLIST_KEY_UILaunchStoryboardName = LaunchScreen;
				INFOPLIST_KEY_UIMainStoryboardFile = "";
				INFOPLIST_KEY_UISupportedInterfaceOrientations_iPad = "UIInterfaceOrientationPortrait UIInterfaceOrientationPortraitUpsideDown UIInterfaceOrientationLandscapeLeft UIInterfaceOrientationLandscapeRight";
				INFOPLIST_KEY_UISupportedInterfaceOrientations_iPhone = "UIInterfaceOrientationPortrait UIInterfaceOrientationLandscapeLeft UIInterfaceOrientationLandscapeRight";
				LD_RUNPATH_SEARCH_PATHS = (
					"$(inherited)",
					"@executable_path/Frameworks",
				);
				MARKETING_VERSION = 1.0;
				PRODUCT_BUNDLE_IDENTIFIER = com.gmail.yuukirinnma.Flux;
				PRODUCT_NAME = "$(TARGET_NAME)";
				SWIFT_EMIT_LOC_STRINGS = YES;
				SWIFT_VERSION = 5.0;
				TARGETED_DEVICE_FAMILY = "1,2";
			};
			name = Release;
		};
		D44F5D05291DD52800DE7818 /* Debug */ = {
			isa = XCBuildConfiguration;
			buildSettings = {
				ALWAYS_EMBED_SWIFT_STANDARD_LIBRARIES = YES;
				BUNDLE_LOADER = "$(TEST_HOST)";
				CODE_SIGN_STYLE = Automatic;
				CURRENT_PROJECT_VERSION = 1;
				DEVELOPMENT_TEAM = BR3T8YBB5L;
				GENERATE_INFOPLIST_FILE = YES;
				IPHONEOS_DEPLOYMENT_TARGET = 16.0;
				MARKETING_VERSION = 1.0;
				PRODUCT_BUNDLE_IDENTIFIER = com.gmail.yuukirinnma.FluxTests;
				PRODUCT_NAME = "$(TARGET_NAME)";
				SWIFT_EMIT_LOC_STRINGS = NO;
				SWIFT_VERSION = 5.0;
				TARGETED_DEVICE_FAMILY = "1,2";
				TEST_HOST = "$(BUILT_PRODUCTS_DIR)/Flux.app/$(BUNDLE_EXECUTABLE_FOLDER_PATH)/Flux";
			};
			name = Debug;
		};
		D44F5D06291DD52800DE7818 /* Release */ = {
			isa = XCBuildConfiguration;
			buildSettings = {
				ALWAYS_EMBED_SWIFT_STANDARD_LIBRARIES = YES;
				BUNDLE_LOADER = "$(TEST_HOST)";
				CODE_SIGN_STYLE = Automatic;
				CURRENT_PROJECT_VERSION = 1;
				DEVELOPMENT_TEAM = BR3T8YBB5L;
				GENERATE_INFOPLIST_FILE = YES;
				IPHONEOS_DEPLOYMENT_TARGET = 16.0;
				MARKETING_VERSION = 1.0;
				PRODUCT_BUNDLE_IDENTIFIER = com.gmail.yuukirinnma.FluxTests;
				PRODUCT_NAME = "$(TARGET_NAME)";
				SWIFT_EMIT_LOC_STRINGS = NO;
				SWIFT_VERSION = 5.0;
				TARGETED_DEVICE_FAMILY = "1,2";
				TEST_HOST = "$(BUILT_PRODUCTS_DIR)/Flux.app/$(BUNDLE_EXECUTABLE_FOLDER_PATH)/Flux";
			};
			name = Release;
		};
		D44F5D08291DD52800DE7818 /* Debug */ = {
			isa = XCBuildConfiguration;
			buildSettings = {
				ALWAYS_EMBED_SWIFT_STANDARD_LIBRARIES = YES;
				CODE_SIGN_STYLE = Automatic;
				CURRENT_PROJECT_VERSION = 1;
				DEVELOPMENT_TEAM = BR3T8YBB5L;
				GENERATE_INFOPLIST_FILE = YES;
				MARKETING_VERSION = 1.0;
				PRODUCT_BUNDLE_IDENTIFIER = com.gmail.yuukirinnma.FluxUITests;
				PRODUCT_NAME = "$(TARGET_NAME)";
				SWIFT_EMIT_LOC_STRINGS = NO;
				SWIFT_VERSION = 5.0;
				TARGETED_DEVICE_FAMILY = "1,2";
				TEST_TARGET_NAME = Flux;
			};
			name = Debug;
		};
		D44F5D09291DD52800DE7818 /* Release */ = {
			isa = XCBuildConfiguration;
			buildSettings = {
				ALWAYS_EMBED_SWIFT_STANDARD_LIBRARIES = YES;
				CODE_SIGN_STYLE = Automatic;
				CURRENT_PROJECT_VERSION = 1;
				DEVELOPMENT_TEAM = BR3T8YBB5L;
				GENERATE_INFOPLIST_FILE = YES;
				MARKETING_VERSION = 1.0;
				PRODUCT_BUNDLE_IDENTIFIER = com.gmail.yuukirinnma.FluxUITests;
				PRODUCT_NAME = "$(TARGET_NAME)";
				SWIFT_EMIT_LOC_STRINGS = NO;
				SWIFT_VERSION = 5.0;
				TARGETED_DEVICE_FAMILY = "1,2";
				TEST_TARGET_NAME = Flux;
			};
			name = Release;
		};
/* End XCBuildConfiguration section */

/* Begin XCConfigurationList section */
		D44F5CD2291DD52600DE7818 /* Build configuration list for PBXProject "Flux" */ = {
			isa = XCConfigurationList;
			buildConfigurations = (
				D44F5CFF291DD52800DE7818 /* Debug */,
				D44F5D00291DD52800DE7818 /* Release */,
			);
			defaultConfigurationIsVisible = 0;
			defaultConfigurationName = Release;
		};
		D44F5D01291DD52800DE7818 /* Build configuration list for PBXNativeTarget "Flux" */ = {
			isa = XCConfigurationList;
			buildConfigurations = (
				D44F5D02291DD52800DE7818 /* Debug */,
				D44F5D03291DD52800DE7818 /* Release */,
			);
			defaultConfigurationIsVisible = 0;
			defaultConfigurationName = Release;
		};
		D44F5D04291DD52800DE7818 /* Build configuration list for PBXNativeTarget "FluxTests" */ = {
			isa = XCConfigurationList;
			buildConfigurations = (
				D44F5D05291DD52800DE7818 /* Debug */,
				D44F5D06291DD52800DE7818 /* Release */,
			);
			defaultConfigurationIsVisible = 0;
			defaultConfigurationName = Release;
		};
		D44F5D07291DD52800DE7818 /* Build configuration list for PBXNativeTarget "FluxUITests" */ = {
			isa = XCConfigurationList;
			buildConfigurations = (
				D44F5D08291DD52800DE7818 /* Debug */,
				D44F5D09291DD52800DE7818 /* Release */,
			);
			defaultConfigurationIsVisible = 0;
			defaultConfigurationName = Release;
		};
/* End XCConfigurationList section */
	};
	rootObject = D44F5CCF291DD52600DE7818 /* Project object */;
}
